// !$*UTF8*$!
{
	archiveVersion = 1;
	classes = {
	};
	objectVersion = 55;
	objects = {

/* Begin PBXBuildFile section */
		152F79CF289DCE36004AE4E1 /* UserProfile+Protocols.swift in Sources */ = {isa = PBXBuildFile; fileRef = 152F79CE289DCE36004AE4E1 /* UserProfile+Protocols.swift */; };
		152F79D2289DD1D9004AE4E1 /* UserProfilePresenter.swift in Sources */ = {isa = PBXBuildFile; fileRef = 152F79D1289DD1D9004AE4E1 /* UserProfilePresenter.swift */; };
		15419255289D998D005B907A /* Posterr.xcdatamodeld in Sources */ = {isa = PBXBuildFile; fileRef = 15419253289D998D005B907A /* Posterr.xcdatamodeld */; };
		155A66E0289E0E9F001A17AC /* UITextView+Extensions.swift in Sources */ = {isa = PBXBuildFile; fileRef = 155A66DF289E0E9F001A17AC /* UITextView+Extensions.swift */; };
		155AE4EA289B00B600D18F6B /* SnapKit in Frameworks */ = {isa = PBXBuildFile; productRef = 155AE4E9289B00B600D18F6B /* SnapKit */; };
		155AE4ED289B04FC00D18F6B /* FeedPresenter.swift in Sources */ = {isa = PBXBuildFile; fileRef = 155AE4EC289B04FC00D18F6B /* FeedPresenter.swift */; };
		155AE4F0289B052B00D18F6B /* Feed+Protocols.swift in Sources */ = {isa = PBXBuildFile; fileRef = 155AE4EF289B052B00D18F6B /* Feed+Protocols.swift */; };
		155AE4FA289B123C00D18F6B /* PostTableViewCell.swift in Sources */ = {isa = PBXBuildFile; fileRef = 155AE4F9289B123C00D18F6B /* PostTableViewCell.swift */; };
		155AE501289B2D4E00D18F6B /* UserProfileView.swift in Sources */ = {isa = PBXBuildFile; fileRef = 155AE500289B2D4E00D18F6B /* UserProfileView.swift */; };
		155AE503289B2E8900D18F6B /* UserInfoView.swift in Sources */ = {isa = PBXBuildFile; fileRef = 155AE502289B2E8900D18F6B /* UserInfoView.swift */; };
		155AE505289B312000D18F6B /* PostCountView.swift in Sources */ = {isa = PBXBuildFile; fileRef = 155AE504289B312000D18F6B /* PostCountView.swift */; };
		155AE507289B4A6A00D18F6B /* PostCreationView.swift in Sources */ = {isa = PBXBuildFile; fileRef = 155AE506289B4A6A00D18F6B /* PostCreationView.swift */; };
		155BD3B2289C4DC30030B27A /* UIView+Extensions.swift in Sources */ = {isa = PBXBuildFile; fileRef = 155BD3B1289C4DC30030B27A /* UIView+Extensions.swift */; };
		155BD3BB289C86110030B27A /* Array+Extensions.swift in Sources */ = {isa = PBXBuildFile; fileRef = 155BD3BA289C86110030B27A /* Array+Extensions.swift */; };
		155BD3BE289C883A0030B27A /* FeedInteractor.swift in Sources */ = {isa = PBXBuildFile; fileRef = 155BD3BD289C883A0030B27A /* FeedInteractor.swift */; };
		156A6FAD2899F70A003F75AE /* AppDelegate.swift in Sources */ = {isa = PBXBuildFile; fileRef = 156A6FAC2899F70A003F75AE /* AppDelegate.swift */; };
		156A6FAF2899F70A003F75AE /* SceneDelegate.swift in Sources */ = {isa = PBXBuildFile; fileRef = 156A6FAE2899F70A003F75AE /* SceneDelegate.swift */; };
		156A6FB62899F70B003F75AE /* Assets.xcassets in Resources */ = {isa = PBXBuildFile; fileRef = 156A6FB52899F70B003F75AE /* Assets.xcassets */; };
		156A6FB92899F70B003F75AE /* LaunchScreen.storyboard in Resources */ = {isa = PBXBuildFile; fileRef = 156A6FB72899F70B003F75AE /* LaunchScreen.storyboard */; };
		156A6FC42899F70C003F75AE /* PosterrTests.swift in Sources */ = {isa = PBXBuildFile; fileRef = 156A6FC32899F70C003F75AE /* PosterrTests.swift */; };
		156A6FCE2899F70C003F75AE /* PosterrUITests.swift in Sources */ = {isa = PBXBuildFile; fileRef = 156A6FCD2899F70C003F75AE /* PosterrUITests.swift */; };
		156A6FD02899F70C003F75AE /* PosterrUITestsLaunchTests.swift in Sources */ = {isa = PBXBuildFile; fileRef = 156A6FCF2899F70C003F75AE /* PosterrUITestsLaunchTests.swift */; };
		1581D76E2899FCB5009C6593 /* ApplicationTabBarController.swift in Sources */ = {isa = PBXBuildFile; fileRef = 1581D76D2899FCB5009C6593 /* ApplicationTabBarController.swift */; };
		1581D7722899FE4F009C6593 /* FeedViewController.swift in Sources */ = {isa = PBXBuildFile; fileRef = 1581D7712899FE4F009C6593 /* FeedViewController.swift */; };
		1581D7742899FE60009C6593 /* UserProfileViewController.swift in Sources */ = {isa = PBXBuildFile; fileRef = 1581D7732899FE60009C6593 /* UserProfileViewController.swift */; };
		1581D778289A0DB7009C6593 /* FeedView.swift in Sources */ = {isa = PBXBuildFile; fileRef = 1581D777289A0DB7009C6593 /* FeedView.swift */; };
		1581D77B289A0DE4009C6593 /* CodableView.swift in Sources */ = {isa = PBXBuildFile; fileRef = 1581D77A289A0DE4009C6593 /* CodableView.swift */; };
		15C0B265289DE43F007C54B8 /* Application+Protocols.swift in Sources */ = {isa = PBXBuildFile; fileRef = 15C0B264289DE43F007C54B8 /* Application+Protocols.swift */; };
		15C0B268289DE5C4007C54B8 /* ApplicationPresenter.swift in Sources */ = {isa = PBXBuildFile; fileRef = 15C0B267289DE5C4007C54B8 /* ApplicationPresenter.swift */; };
		15C0B26B289DE65E007C54B8 /* ApplicationInteractor.swift in Sources */ = {isa = PBXBuildFile; fileRef = 15C0B26A289DE65E007C54B8 /* ApplicationInteractor.swift */; };
		15E2880A289DA68800905E1A /* DataManager.swift in Sources */ = {isa = PBXBuildFile; fileRef = 15E28809289DA68800905E1A /* DataManager.swift */; };
/* End PBXBuildFile section */

/* Begin PBXContainerItemProxy section */
		156A6FC02899F70C003F75AE /* PBXContainerItemProxy */ = {
			isa = PBXContainerItemProxy;
			containerPortal = 156A6FA12899F70A003F75AE /* Project object */;
			proxyType = 1;
			remoteGlobalIDString = 156A6FA82899F70A003F75AE;
			remoteInfo = Posterr;
		};
		156A6FCA2899F70C003F75AE /* PBXContainerItemProxy */ = {
			isa = PBXContainerItemProxy;
			containerPortal = 156A6FA12899F70A003F75AE /* Project object */;
			proxyType = 1;
			remoteGlobalIDString = 156A6FA82899F70A003F75AE;
			remoteInfo = Posterr;
		};
/* End PBXContainerItemProxy section */

/* Begin PBXFileReference section */
		152F79CE289DCE36004AE4E1 /* UserProfile+Protocols.swift */ = {isa = PBXFileReference; lastKnownFileType = sourcecode.swift; path = "UserProfile+Protocols.swift"; sourceTree = "<group>"; };
		152F79D1289DD1D9004AE4E1 /* UserProfilePresenter.swift */ = {isa = PBXFileReference; lastKnownFileType = sourcecode.swift; path = UserProfilePresenter.swift; sourceTree = "<group>"; };
		15419254289D998D005B907A /* Posterr.xcdatamodel */ = {isa = PBXFileReference; lastKnownFileType = wrapper.xcdatamodel; path = Posterr.xcdatamodel; sourceTree = "<group>"; };
		155A66DF289E0E9F001A17AC /* UITextView+Extensions.swift */ = {isa = PBXFileReference; lastKnownFileType = sourcecode.swift; path = "UITextView+Extensions.swift"; sourceTree = "<group>"; };
		155AE4EC289B04FC00D18F6B /* FeedPresenter.swift */ = {isa = PBXFileReference; lastKnownFileType = sourcecode.swift; path = FeedPresenter.swift; sourceTree = "<group>"; };
		155AE4EF289B052B00D18F6B /* Feed+Protocols.swift */ = {isa = PBXFileReference; lastKnownFileType = sourcecode.swift; path = "Feed+Protocols.swift"; sourceTree = "<group>"; };
		155AE4F9289B123C00D18F6B /* PostTableViewCell.swift */ = {isa = PBXFileReference; lastKnownFileType = sourcecode.swift; path = PostTableViewCell.swift; sourceTree = "<group>"; };
		155AE500289B2D4E00D18F6B /* UserProfileView.swift */ = {isa = PBXFileReference; lastKnownFileType = sourcecode.swift; path = UserProfileView.swift; sourceTree = "<group>"; };
		155AE502289B2E8900D18F6B /* UserInfoView.swift */ = {isa = PBXFileReference; lastKnownFileType = sourcecode.swift; path = UserInfoView.swift; sourceTree = "<group>"; };
		155AE504289B312000D18F6B /* PostCountView.swift */ = {isa = PBXFileReference; lastKnownFileType = sourcecode.swift; path = PostCountView.swift; sourceTree = "<group>"; };
		155AE506289B4A6A00D18F6B /* PostCreationView.swift */ = {isa = PBXFileReference; lastKnownFileType = sourcecode.swift; path = PostCreationView.swift; sourceTree = "<group>"; };
		155BD3B1289C4DC30030B27A /* UIView+Extensions.swift */ = {isa = PBXFileReference; lastKnownFileType = sourcecode.swift; path = "UIView+Extensions.swift"; sourceTree = "<group>"; };
		155BD3BA289C86110030B27A /* Array+Extensions.swift */ = {isa = PBXFileReference; lastKnownFileType = sourcecode.swift; path = "Array+Extensions.swift"; sourceTree = "<group>"; };
		155BD3BD289C883A0030B27A /* FeedInteractor.swift */ = {isa = PBXFileReference; lastKnownFileType = sourcecode.swift; path = FeedInteractor.swift; sourceTree = "<group>"; };
		156A6FA92899F70A003F75AE /* Posterr.app */ = {isa = PBXFileReference; explicitFileType = wrapper.application; includeInIndex = 0; path = Posterr.app; sourceTree = BUILT_PRODUCTS_DIR; };
		156A6FAC2899F70A003F75AE /* AppDelegate.swift */ = {isa = PBXFileReference; lastKnownFileType = sourcecode.swift; path = AppDelegate.swift; sourceTree = "<group>"; };
		156A6FAE2899F70A003F75AE /* SceneDelegate.swift */ = {isa = PBXFileReference; lastKnownFileType = sourcecode.swift; path = SceneDelegate.swift; sourceTree = "<group>"; };
		156A6FB52899F70B003F75AE /* Assets.xcassets */ = {isa = PBXFileReference; lastKnownFileType = folder.assetcatalog; path = Assets.xcassets; sourceTree = "<group>"; };
		156A6FB82899F70B003F75AE /* Base */ = {isa = PBXFileReference; lastKnownFileType = file.storyboard; name = Base; path = Base.lproj/LaunchScreen.storyboard; sourceTree = "<group>"; };
		156A6FBA2899F70B003F75AE /* Info.plist */ = {isa = PBXFileReference; lastKnownFileType = text.plist.xml; path = Info.plist; sourceTree = "<group>"; };
		156A6FBF2899F70C003F75AE /* PosterrTests.xctest */ = {isa = PBXFileReference; explicitFileType = wrapper.cfbundle; includeInIndex = 0; path = PosterrTests.xctest; sourceTree = BUILT_PRODUCTS_DIR; };
		156A6FC32899F70C003F75AE /* PosterrTests.swift */ = {isa = PBXFileReference; lastKnownFileType = sourcecode.swift; path = PosterrTests.swift; sourceTree = "<group>"; };
		156A6FC92899F70C003F75AE /* PosterrUITests.xctest */ = {isa = PBXFileReference; explicitFileType = wrapper.cfbundle; includeInIndex = 0; path = PosterrUITests.xctest; sourceTree = BUILT_PRODUCTS_DIR; };
		156A6FCD2899F70C003F75AE /* PosterrUITests.swift */ = {isa = PBXFileReference; lastKnownFileType = sourcecode.swift; path = PosterrUITests.swift; sourceTree = "<group>"; };
		156A6FCF2899F70C003F75AE /* PosterrUITestsLaunchTests.swift */ = {isa = PBXFileReference; lastKnownFileType = sourcecode.swift; path = PosterrUITestsLaunchTests.swift; sourceTree = "<group>"; };
		1581D76D2899FCB5009C6593 /* ApplicationTabBarController.swift */ = {isa = PBXFileReference; lastKnownFileType = sourcecode.swift; path = ApplicationTabBarController.swift; sourceTree = "<group>"; };
		1581D7712899FE4F009C6593 /* FeedViewController.swift */ = {isa = PBXFileReference; lastKnownFileType = sourcecode.swift; path = FeedViewController.swift; sourceTree = "<group>"; };
		1581D7732899FE60009C6593 /* UserProfileViewController.swift */ = {isa = PBXFileReference; lastKnownFileType = sourcecode.swift; path = UserProfileViewController.swift; sourceTree = "<group>"; };
		1581D777289A0DB7009C6593 /* FeedView.swift */ = {isa = PBXFileReference; lastKnownFileType = sourcecode.swift; path = FeedView.swift; sourceTree = "<group>"; };
		1581D77A289A0DE4009C6593 /* CodableView.swift */ = {isa = PBXFileReference; lastKnownFileType = sourcecode.swift; path = CodableView.swift; sourceTree = "<group>"; };
		15C0B264289DE43F007C54B8 /* Application+Protocols.swift */ = {isa = PBXFileReference; lastKnownFileType = sourcecode.swift; path = "Application+Protocols.swift"; sourceTree = "<group>"; };
		15C0B267289DE5C4007C54B8 /* ApplicationPresenter.swift */ = {isa = PBXFileReference; lastKnownFileType = sourcecode.swift; path = ApplicationPresenter.swift; sourceTree = "<group>"; };
		15C0B26A289DE65E007C54B8 /* ApplicationInteractor.swift */ = {isa = PBXFileReference; lastKnownFileType = sourcecode.swift; path = ApplicationInteractor.swift; sourceTree = "<group>"; };
		15E28809289DA68800905E1A /* DataManager.swift */ = {isa = PBXFileReference; lastKnownFileType = sourcecode.swift; path = DataManager.swift; sourceTree = "<group>"; };
/* End PBXFileReference section */

/* Begin PBXFrameworksBuildPhase section */
		156A6FA62899F70A003F75AE /* Frameworks */ = {
			isa = PBXFrameworksBuildPhase;
			buildActionMask = 2147483647;
			files = (
				155AE4EA289B00B600D18F6B /* SnapKit in Frameworks */,
			);
			runOnlyForDeploymentPostprocessing = 0;
		};
		156A6FBC2899F70C003F75AE /* Frameworks */ = {
			isa = PBXFrameworksBuildPhase;
			buildActionMask = 2147483647;
			files = (
			);
			runOnlyForDeploymentPostprocessing = 0;
		};
		156A6FC62899F70C003F75AE /* Frameworks */ = {
			isa = PBXFrameworksBuildPhase;
			buildActionMask = 2147483647;
			files = (
			);
			runOnlyForDeploymentPostprocessing = 0;
		};
/* End PBXFrameworksBuildPhase section */

/* Begin PBXGroup section */
		152F79CD289DCE13004AE4E1 /* Protocols */ = {
			isa = PBXGroup;
			children = (
				152F79CE289DCE36004AE4E1 /* UserProfile+Protocols.swift */,
			);
			path = Protocols;
			sourceTree = "<group>";
		};
		152F79D0289DD109004AE4E1 /* Presenter */ = {
			isa = PBXGroup;
			children = (
				152F79D1289DD1D9004AE4E1 /* UserProfilePresenter.swift */,
			);
			path = Presenter;
			sourceTree = "<group>";
		};
		155AE4EB289B04E200D18F6B /* Presenter */ = {
			isa = PBXGroup;
			children = (
				155AE4EC289B04FC00D18F6B /* FeedPresenter.swift */,
			);
			path = Presenter;
			sourceTree = "<group>";
		};
		155AE4EE289B051200D18F6B /* Protocols */ = {
			isa = PBXGroup;
			children = (
				155AE4EF289B052B00D18F6B /* Feed+Protocols.swift */,
			);
			path = Protocols;
			sourceTree = "<group>";
		};
		155AE4F1289B05BF00D18F6B /* Shared */ = {
			isa = PBXGroup;
			children = (
				15C0B261289DE143007C54B8 /* DataSource */,
				155BD3AE289C4D820030B27A /* Extensions */,
				155BD3AF289C4D900030B27A /* Protocols */,
			);
			path = Shared;
			sourceTree = "<group>";
		};
		155AE4FE289B2D2500D18F6B /* Controller */ = {
			isa = PBXGroup;
			children = (
				1581D7732899FE60009C6593 /* UserProfileViewController.swift */,
			);
			path = Controller;
			sourceTree = "<group>";
		};
		155AE4FF289B2D3B00D18F6B /* Views */ = {
			isa = PBXGroup;
			children = (
				155AE500289B2D4E00D18F6B /* UserProfileView.swift */,
				155AE502289B2E8900D18F6B /* UserInfoView.swift */,
				155AE504289B312000D18F6B /* PostCountView.swift */,
			);
			path = Views;
			sourceTree = "<group>";
		};
		155BD3AE289C4D820030B27A /* Extensions */ = {
			isa = PBXGroup;
			children = (
				155BD3B1289C4DC30030B27A /* UIView+Extensions.swift */,
				155BD3BA289C86110030B27A /* Array+Extensions.swift */,
				155A66DF289E0E9F001A17AC /* UITextView+Extensions.swift */,
			);
			path = Extensions;
			sourceTree = "<group>";
		};
		155BD3AF289C4D900030B27A /* Protocols */ = {
			isa = PBXGroup;
			children = (
				1581D77A289A0DE4009C6593 /* CodableView.swift */,
			);
			path = Protocols;
			sourceTree = "<group>";
		};
		155BD3BC289C881F0030B27A /* Interactor */ = {
			isa = PBXGroup;
			children = (
				155BD3BD289C883A0030B27A /* FeedInteractor.swift */,
			);
			path = Interactor;
			sourceTree = "<group>";
		};
		156A6FA02899F70A003F75AE = {
			isa = PBXGroup;
			children = (
				156A6FAB2899F70A003F75AE /* Posterr */,
				156A6FC22899F70C003F75AE /* PosterrTests */,
				156A6FCC2899F70C003F75AE /* PosterrUITests */,
				156A6FAA2899F70A003F75AE /* Products */,
			);
			sourceTree = "<group>";
		};
		156A6FAA2899F70A003F75AE /* Products */ = {
			isa = PBXGroup;
			children = (
				156A6FA92899F70A003F75AE /* Posterr.app */,
				156A6FBF2899F70C003F75AE /* PosterrTests.xctest */,
				156A6FC92899F70C003F75AE /* PosterrUITests.xctest */,
			);
			name = Products;
			sourceTree = "<group>";
		};
		156A6FAB2899F70A003F75AE /* Posterr */ = {
			isa = PBXGroup;
			children = (
				1581D76B2899FC18009C6593 /* Base */,
				1581D7692899FB55009C6593 /* Modules */,
				155AE4F1289B05BF00D18F6B /* Shared */,
				156A6FB52899F70B003F75AE /* Assets.xcassets */,
				156A6FBA2899F70B003F75AE /* Info.plist */,
			);
			path = Posterr;
			sourceTree = "<group>";
		};
		156A6FC22899F70C003F75AE /* PosterrTests */ = {
			isa = PBXGroup;
			children = (
				156A6FC32899F70C003F75AE /* PosterrTests.swift */,
			);
			path = PosterrTests;
			sourceTree = "<group>";
		};
		156A6FCC2899F70C003F75AE /* PosterrUITests */ = {
			isa = PBXGroup;
			children = (
				156A6FCD2899F70C003F75AE /* PosterrUITests.swift */,
				156A6FCF2899F70C003F75AE /* PosterrUITestsLaunchTests.swift */,
			);
			path = PosterrUITests;
			sourceTree = "<group>";
		};
		1581D7692899FB55009C6593 /* Modules */ = {
			isa = PBXGroup;
			children = (
				1581D76A2899FB66009C6593 /* Application */,
				1581D76F2899FE04009C6593 /* Feed */,
				1581D7702899FE0C009C6593 /* UserProfile */,
			);
			path = Modules;
			sourceTree = "<group>";
		};
		1581D76A2899FB66009C6593 /* Application */ = {
			isa = PBXGroup;
			children = (
				15C0B262289DE40A007C54B8 /* Controller */,
				15C0B269289DE64B007C54B8 /* Interactor */,
				15C0B266289DE5A0007C54B8 /* Presenter */,
				15C0B263289DE427007C54B8 /* Protocols */,
			);
			path = Application;
			sourceTree = "<group>";
		};
		1581D76B2899FC18009C6593 /* Base */ = {
			isa = PBXGroup;
			children = (
				1581D76C2899FC87009C6593 /* LaunchScreen */,
				156A6FAC2899F70A003F75AE /* AppDelegate.swift */,
				156A6FAE2899F70A003F75AE /* SceneDelegate.swift */,
			);
			path = Base;
			sourceTree = "<group>";
		};
		1581D76C2899FC87009C6593 /* LaunchScreen */ = {
			isa = PBXGroup;
			children = (
				156A6FB72899F70B003F75AE /* LaunchScreen.storyboard */,
			);
			path = LaunchScreen;
			sourceTree = "<group>";
		};
		1581D76F2899FE04009C6593 /* Feed */ = {
			isa = PBXGroup;
			children = (
				1581D775289A0C73009C6593 /* Controller */,
				155BD3BC289C881F0030B27A /* Interactor */,
				155AE4EB289B04E200D18F6B /* Presenter */,
				155AE4EE289B051200D18F6B /* Protocols */,
				1581D776289A0C7F009C6593 /* Views */,
			);
			path = Feed;
			sourceTree = "<group>";
		};
		1581D7702899FE0C009C6593 /* UserProfile */ = {
			isa = PBXGroup;
			children = (
				155AE4FE289B2D2500D18F6B /* Controller */,
				152F79D0289DD109004AE4E1 /* Presenter */,
				152F79CD289DCE13004AE4E1 /* Protocols */,
				155AE4FF289B2D3B00D18F6B /* Views */,
			);
			path = UserProfile;
			sourceTree = "<group>";
		};
		1581D775289A0C73009C6593 /* Controller */ = {
			isa = PBXGroup;
			children = (
				1581D7712899FE4F009C6593 /* FeedViewController.swift */,
			);
			path = Controller;
			sourceTree = "<group>";
		};
		1581D776289A0C7F009C6593 /* Views */ = {
			isa = PBXGroup;
			children = (
				1581D777289A0DB7009C6593 /* FeedView.swift */,
				155AE506289B4A6A00D18F6B /* PostCreationView.swift */,
				155AE4F9289B123C00D18F6B /* PostTableViewCell.swift */,
			);
			path = Views;
			sourceTree = "<group>";
		};
		15C0B261289DE143007C54B8 /* DataSource */ = {
			isa = PBXGroup;
			children = (
				15E28809289DA68800905E1A /* DataManager.swift */,
				15419253289D998D005B907A /* Posterr.xcdatamodeld */,
			);
			path = DataSource;
			sourceTree = "<group>";
		};
		15C0B262289DE40A007C54B8 /* Controller */ = {
			isa = PBXGroup;
			children = (
				1581D76D2899FCB5009C6593 /* ApplicationTabBarController.swift */,
			);
			path = Controller;
			sourceTree = "<group>";
		};
		15C0B263289DE427007C54B8 /* Protocols */ = {
			isa = PBXGroup;
			children = (
				15C0B264289DE43F007C54B8 /* Application+Protocols.swift */,
			);
			path = Protocols;
			sourceTree = "<group>";
		};
		15C0B266289DE5A0007C54B8 /* Presenter */ = {
			isa = PBXGroup;
			children = (
				15C0B267289DE5C4007C54B8 /* ApplicationPresenter.swift */,
			);
			path = Presenter;
			sourceTree = "<group>";
		};
		15C0B269289DE64B007C54B8 /* Interactor */ = {
			isa = PBXGroup;
			children = (
				15C0B26A289DE65E007C54B8 /* ApplicationInteractor.swift */,
			);
			path = Interactor;
			sourceTree = "<group>";
		};
/* End PBXGroup section */

/* Begin PBXNativeTarget section */
		156A6FA82899F70A003F75AE /* Posterr */ = {
			isa = PBXNativeTarget;
			buildConfigurationList = 156A6FD32899F70C003F75AE /* Build configuration list for PBXNativeTarget "Posterr" */;
			buildPhases = (
				156A6FA52899F70A003F75AE /* Sources */,
				156A6FA62899F70A003F75AE /* Frameworks */,
				156A6FA72899F70A003F75AE /* Resources */,
			);
			buildRules = (
			);
			dependencies = (
			);
			name = Posterr;
			packageProductDependencies = (
				155AE4E9289B00B600D18F6B /* SnapKit */,
			);
			productName = Posterr;
			productReference = 156A6FA92899F70A003F75AE /* Posterr.app */;
			productType = "com.apple.product-type.application";
		};
		156A6FBE2899F70C003F75AE /* PosterrTests */ = {
			isa = PBXNativeTarget;
			buildConfigurationList = 156A6FD62899F70C003F75AE /* Build configuration list for PBXNativeTarget "PosterrTests" */;
			buildPhases = (
				156A6FBB2899F70C003F75AE /* Sources */,
				156A6FBC2899F70C003F75AE /* Frameworks */,
				156A6FBD2899F70C003F75AE /* Resources */,
			);
			buildRules = (
			);
			dependencies = (
				156A6FC12899F70C003F75AE /* PBXTargetDependency */,
			);
			name = PosterrTests;
			productName = PosterrTests;
			productReference = 156A6FBF2899F70C003F75AE /* PosterrTests.xctest */;
			productType = "com.apple.product-type.bundle.unit-test";
		};
		156A6FC82899F70C003F75AE /* PosterrUITests */ = {
			isa = PBXNativeTarget;
			buildConfigurationList = 156A6FD92899F70C003F75AE /* Build configuration list for PBXNativeTarget "PosterrUITests" */;
			buildPhases = (
				156A6FC52899F70C003F75AE /* Sources */,
				156A6FC62899F70C003F75AE /* Frameworks */,
				156A6FC72899F70C003F75AE /* Resources */,
			);
			buildRules = (
			);
			dependencies = (
				156A6FCB2899F70C003F75AE /* PBXTargetDependency */,
			);
			name = PosterrUITests;
			productName = PosterrUITests;
			productReference = 156A6FC92899F70C003F75AE /* PosterrUITests.xctest */;
			productType = "com.apple.product-type.bundle.ui-testing";
		};
/* End PBXNativeTarget section */

/* Begin PBXProject section */
		156A6FA12899F70A003F75AE /* Project object */ = {
			isa = PBXProject;
			attributes = {
				BuildIndependentTargetsInParallel = 1;
				LastSwiftUpdateCheck = 1340;
				LastUpgradeCheck = 1340;
				TargetAttributes = {
					156A6FA82899F70A003F75AE = {
						CreatedOnToolsVersion = 13.4.1;
					};
					156A6FBE2899F70C003F75AE = {
						CreatedOnToolsVersion = 13.4.1;
						TestTargetID = 156A6FA82899F70A003F75AE;
					};
					156A6FC82899F70C003F75AE = {
						CreatedOnToolsVersion = 13.4.1;
						TestTargetID = 156A6FA82899F70A003F75AE;
					};
				};
			};
			buildConfigurationList = 156A6FA42899F70A003F75AE /* Build configuration list for PBXProject "Posterr" */;
			compatibilityVersion = "Xcode 13.0";
			developmentRegion = en;
			hasScannedForEncodings = 0;
			knownRegions = (
				en,
				Base,
			);
			mainGroup = 156A6FA02899F70A003F75AE;
			packageReferences = (
				155AE4E8289B00B600D18F6B /* XCRemoteSwiftPackageReference "SnapKit" */,
			);
			productRefGroup = 156A6FAA2899F70A003F75AE /* Products */;
			projectDirPath = "";
			projectRoot = "";
			targets = (
				156A6FA82899F70A003F75AE /* Posterr */,
				156A6FBE2899F70C003F75AE /* PosterrTests */,
				156A6FC82899F70C003F75AE /* PosterrUITests */,
			);
		};
/* End PBXProject section */

/* Begin PBXResourcesBuildPhase section */
		156A6FA72899F70A003F75AE /* Resources */ = {
			isa = PBXResourcesBuildPhase;
			buildActionMask = 2147483647;
			files = (
				156A6FB92899F70B003F75AE /* LaunchScreen.storyboard in Resources */,
				156A6FB62899F70B003F75AE /* Assets.xcassets in Resources */,
			);
			runOnlyForDeploymentPostprocessing = 0;
		};
		156A6FBD2899F70C003F75AE /* Resources */ = {
			isa = PBXResourcesBuildPhase;
			buildActionMask = 2147483647;
			files = (
			);
			runOnlyForDeploymentPostprocessing = 0;
		};
		156A6FC72899F70C003F75AE /* Resources */ = {
			isa = PBXResourcesBuildPhase;
			buildActionMask = 2147483647;
			files = (
			);
			runOnlyForDeploymentPostprocessing = 0;
		};
/* End PBXResourcesBuildPhase section */

/* Begin PBXSourcesBuildPhase section */
		156A6FA52899F70A003F75AE /* Sources */ = {
			isa = PBXSourcesBuildPhase;
			buildActionMask = 2147483647;
			files = (
				155AE4F0289B052B00D18F6B /* Feed+Protocols.swift in Sources */,
				152F79CF289DCE36004AE4E1 /* UserProfile+Protocols.swift in Sources */,
				1581D77B289A0DE4009C6593 /* CodableView.swift in Sources */,
				15419255289D998D005B907A /* Posterr.xcdatamodeld in Sources */,
				1581D76E2899FCB5009C6593 /* ApplicationTabBarController.swift in Sources */,
				155AE4ED289B04FC00D18F6B /* FeedPresenter.swift in Sources */,
				1581D7742899FE60009C6593 /* UserProfileViewController.swift in Sources */,
				155BD3BE289C883A0030B27A /* FeedInteractor.swift in Sources */,
				156A6FAD2899F70A003F75AE /* AppDelegate.swift in Sources */,
				15C0B268289DE5C4007C54B8 /* ApplicationPresenter.swift in Sources */,
				155AE501289B2D4E00D18F6B /* UserProfileView.swift in Sources */,
				155A66E0289E0E9F001A17AC /* UITextView+Extensions.swift in Sources */,
				152F79D2289DD1D9004AE4E1 /* UserProfilePresenter.swift in Sources */,
				15E2880A289DA68800905E1A /* DataManager.swift in Sources */,
				15C0B26B289DE65E007C54B8 /* ApplicationInteractor.swift in Sources */,
				155AE505289B312000D18F6B /* PostCountView.swift in Sources */,
				1581D7722899FE4F009C6593 /* FeedViewController.swift in Sources */,
				155AE503289B2E8900D18F6B /* UserInfoView.swift in Sources */,
				155BD3BB289C86110030B27A /* Array+Extensions.swift in Sources */,
				15C0B265289DE43F007C54B8 /* Application+Protocols.swift in Sources */,
				1581D778289A0DB7009C6593 /* FeedView.swift in Sources */,
				155BD3B2289C4DC30030B27A /* UIView+Extensions.swift in Sources */,
				156A6FAF2899F70A003F75AE /* SceneDelegate.swift in Sources */,
				155AE507289B4A6A00D18F6B /* PostCreationView.swift in Sources */,
				155AE4FA289B123C00D18F6B /* PostTableViewCell.swift in Sources */,
			);
			runOnlyForDeploymentPostprocessing = 0;
		};
		156A6FBB2899F70C003F75AE /* Sources */ = {
			isa = PBXSourcesBuildPhase;
			buildActionMask = 2147483647;
			files = (
				156A6FC42899F70C003F75AE /* PosterrTests.swift in Sources */,
			);
			runOnlyForDeploymentPostprocessing = 0;
		};
		156A6FC52899F70C003F75AE /* Sources */ = {
			isa = PBXSourcesBuildPhase;
			buildActionMask = 2147483647;
			files = (
				156A6FD02899F70C003F75AE /* PosterrUITestsLaunchTests.swift in Sources */,
				156A6FCE2899F70C003F75AE /* PosterrUITests.swift in Sources */,
			);
			runOnlyForDeploymentPostprocessing = 0;
		};
/* End PBXSourcesBuildPhase section */

/* Begin PBXTargetDependency section */
		156A6FC12899F70C003F75AE /* PBXTargetDependency */ = {
			isa = PBXTargetDependency;
			target = 156A6FA82899F70A003F75AE /* Posterr */;
			targetProxy = 156A6FC02899F70C003F75AE /* PBXContainerItemProxy */;
		};
		156A6FCB2899F70C003F75AE /* PBXTargetDependency */ = {
			isa = PBXTargetDependency;
			target = 156A6FA82899F70A003F75AE /* Posterr */;
			targetProxy = 156A6FCA2899F70C003F75AE /* PBXContainerItemProxy */;
		};
/* End PBXTargetDependency section */

/* Begin PBXVariantGroup section */
		156A6FB72899F70B003F75AE /* LaunchScreen.storyboard */ = {
			isa = PBXVariantGroup;
			children = (
				156A6FB82899F70B003F75AE /* Base */,
			);
			name = LaunchScreen.storyboard;
			sourceTree = "<group>";
		};
/* End PBXVariantGroup section */

/* Begin XCBuildConfiguration section */
		156A6FD12899F70C003F75AE /* Debug */ = {
			isa = XCBuildConfiguration;
			buildSettings = {
				ALWAYS_SEARCH_USER_PATHS = NO;
				CLANG_ANALYZER_NONNULL = YES;
				CLANG_ANALYZER_NUMBER_OBJECT_CONVERSION = YES_AGGRESSIVE;
				CLANG_CXX_LANGUAGE_STANDARD = "gnu++17";
				CLANG_ENABLE_MODULES = YES;
				CLANG_ENABLE_OBJC_ARC = YES;
				CLANG_ENABLE_OBJC_WEAK = YES;
				CLANG_WARN_BLOCK_CAPTURE_AUTORELEASING = YES;
				CLANG_WARN_BOOL_CONVERSION = YES;
				CLANG_WARN_COMMA = YES;
				CLANG_WARN_CONSTANT_CONVERSION = YES;
				CLANG_WARN_DEPRECATED_OBJC_IMPLEMENTATIONS = YES;
				CLANG_WARN_DIRECT_OBJC_ISA_USAGE = YES_ERROR;
				CLANG_WARN_DOCUMENTATION_COMMENTS = YES;
				CLANG_WARN_EMPTY_BODY = YES;
				CLANG_WARN_ENUM_CONVERSION = YES;
				CLANG_WARN_INFINITE_RECURSION = YES;
				CLANG_WARN_INT_CONVERSION = YES;
				CLANG_WARN_NON_LITERAL_NULL_CONVERSION = YES;
				CLANG_WARN_OBJC_IMPLICIT_RETAIN_SELF = YES;
				CLANG_WARN_OBJC_LITERAL_CONVERSION = YES;
				CLANG_WARN_OBJC_ROOT_CLASS = YES_ERROR;
				CLANG_WARN_QUOTED_INCLUDE_IN_FRAMEWORK_HEADER = YES;
				CLANG_WARN_RANGE_LOOP_ANALYSIS = YES;
				CLANG_WARN_STRICT_PROTOTYPES = YES;
				CLANG_WARN_SUSPICIOUS_MOVE = YES;
				CLANG_WARN_UNGUARDED_AVAILABILITY = YES_AGGRESSIVE;
				CLANG_WARN_UNREACHABLE_CODE = YES;
				CLANG_WARN__DUPLICATE_METHOD_MATCH = YES;
				COPY_PHASE_STRIP = NO;
				DEBUG_INFORMATION_FORMAT = dwarf;
				ENABLE_STRICT_OBJC_MSGSEND = YES;
				ENABLE_TESTABILITY = YES;
				GCC_C_LANGUAGE_STANDARD = gnu11;
				GCC_DYNAMIC_NO_PIC = NO;
				GCC_NO_COMMON_BLOCKS = YES;
				GCC_OPTIMIZATION_LEVEL = 0;
				GCC_PREPROCESSOR_DEFINITIONS = (
					"DEBUG=1",
					"$(inherited)",
				);
				GCC_WARN_64_TO_32_BIT_CONVERSION = YES;
				GCC_WARN_ABOUT_RETURN_TYPE = YES_ERROR;
				GCC_WARN_UNDECLARED_SELECTOR = YES;
				GCC_WARN_UNINITIALIZED_AUTOS = YES_AGGRESSIVE;
				GCC_WARN_UNUSED_FUNCTION = YES;
				GCC_WARN_UNUSED_VARIABLE = YES;
				IPHONEOS_DEPLOYMENT_TARGET = 15.5;
				MTL_ENABLE_DEBUG_INFO = INCLUDE_SOURCE;
				MTL_FAST_MATH = YES;
				ONLY_ACTIVE_ARCH = YES;
				SDKROOT = iphoneos;
				SWIFT_ACTIVE_COMPILATION_CONDITIONS = DEBUG;
				SWIFT_OPTIMIZATION_LEVEL = "-Onone";
			};
			name = Debug;
		};
		156A6FD22899F70C003F75AE /* Release */ = {
			isa = XCBuildConfiguration;
			buildSettings = {
				ALWAYS_SEARCH_USER_PATHS = NO;
				CLANG_ANALYZER_NONNULL = YES;
				CLANG_ANALYZER_NUMBER_OBJECT_CONVERSION = YES_AGGRESSIVE;
				CLANG_CXX_LANGUAGE_STANDARD = "gnu++17";
				CLANG_ENABLE_MODULES = YES;
				CLANG_ENABLE_OBJC_ARC = YES;
				CLANG_ENABLE_OBJC_WEAK = YES;
				CLANG_WARN_BLOCK_CAPTURE_AUTORELEASING = YES;
				CLANG_WARN_BOOL_CONVERSION = YES;
				CLANG_WARN_COMMA = YES;
				CLANG_WARN_CONSTANT_CONVERSION = YES;
				CLANG_WARN_DEPRECATED_OBJC_IMPLEMENTATIONS = YES;
				CLANG_WARN_DIRECT_OBJC_ISA_USAGE = YES_ERROR;
				CLANG_WARN_DOCUMENTATION_COMMENTS = YES;
				CLANG_WARN_EMPTY_BODY = YES;
				CLANG_WARN_ENUM_CONVERSION = YES;
				CLANG_WARN_INFINITE_RECURSION = YES;
				CLANG_WARN_INT_CONVERSION = YES;
				CLANG_WARN_NON_LITERAL_NULL_CONVERSION = YES;
				CLANG_WARN_OBJC_IMPLICIT_RETAIN_SELF = YES;
				CLANG_WARN_OBJC_LITERAL_CONVERSION = YES;
				CLANG_WARN_OBJC_ROOT_CLASS = YES_ERROR;
				CLANG_WARN_QUOTED_INCLUDE_IN_FRAMEWORK_HEADER = YES;
				CLANG_WARN_RANGE_LOOP_ANALYSIS = YES;
				CLANG_WARN_STRICT_PROTOTYPES = YES;
				CLANG_WARN_SUSPICIOUS_MOVE = YES;
				CLANG_WARN_UNGUARDED_AVAILABILITY = YES_AGGRESSIVE;
				CLANG_WARN_UNREACHABLE_CODE = YES;
				CLANG_WARN__DUPLICATE_METHOD_MATCH = YES;
				COPY_PHASE_STRIP = NO;
				DEBUG_INFORMATION_FORMAT = "dwarf-with-dsym";
				ENABLE_NS_ASSERTIONS = NO;
				ENABLE_STRICT_OBJC_MSGSEND = YES;
				GCC_C_LANGUAGE_STANDARD = gnu11;
				GCC_NO_COMMON_BLOCKS = YES;
				GCC_WARN_64_TO_32_BIT_CONVERSION = YES;
				GCC_WARN_ABOUT_RETURN_TYPE = YES_ERROR;
				GCC_WARN_UNDECLARED_SELECTOR = YES;
				GCC_WARN_UNINITIALIZED_AUTOS = YES_AGGRESSIVE;
				GCC_WARN_UNUSED_FUNCTION = YES;
				GCC_WARN_UNUSED_VARIABLE = YES;
				IPHONEOS_DEPLOYMENT_TARGET = 15.5;
				MTL_ENABLE_DEBUG_INFO = NO;
				MTL_FAST_MATH = YES;
				SDKROOT = iphoneos;
				SWIFT_COMPILATION_MODE = wholemodule;
				SWIFT_OPTIMIZATION_LEVEL = "-O";
				VALIDATE_PRODUCT = YES;
			};
			name = Release;
		};
		156A6FD42899F70C003F75AE /* Debug */ = {
			isa = XCBuildConfiguration;
			buildSettings = {
				ASSETCATALOG_COMPILER_APPICON_NAME = AppIcon;
				ASSETCATALOG_COMPILER_GLOBAL_ACCENT_COLOR_NAME = AccentColor;
				CODE_SIGN_STYLE = Automatic;
				CURRENT_PROJECT_VERSION = 1;
				DEVELOPMENT_TEAM = 9M7D6BTNY5;
				GENERATE_INFOPLIST_FILE = YES;
				INFOPLIST_FILE = Posterr/Info.plist;
				INFOPLIST_KEY_UIApplicationSupportsIndirectInputEvents = YES;
				INFOPLIST_KEY_UILaunchStoryboardName = LaunchScreen;
				INFOPLIST_KEY_UISupportedInterfaceOrientations_iPad = "UIInterfaceOrientationPortrait UIInterfaceOrientationPortraitUpsideDown UIInterfaceOrientationLandscapeLeft UIInterfaceOrientationLandscapeRight";
				INFOPLIST_KEY_UISupportedInterfaceOrientations_iPhone = "UIInterfaceOrientationPortrait UIInterfaceOrientationLandscapeLeft UIInterfaceOrientationLandscapeRight";
				LD_RUNPATH_SEARCH_PATHS = (
					"$(inherited)",
					"@executable_path/Frameworks",
				);
				MARKETING_VERSION = 1.0;
				PRODUCT_BUNDLE_IDENTIFIER = com.anthony.apollo.Posterr;
				PRODUCT_NAME = "$(TARGET_NAME)";
				SWIFT_EMIT_LOC_STRINGS = YES;
				SWIFT_VERSION = 5.0;
				TARGETED_DEVICE_FAMILY = "1,2";
			};
			name = Debug;
		};
		156A6FD52899F70C003F75AE /* Release */ = {
			isa = XCBuildConfiguration;
			buildSettings = {
				ASSETCATALOG_COMPILER_APPICON_NAME = AppIcon;
				ASSETCATALOG_COMPILER_GLOBAL_ACCENT_COLOR_NAME = AccentColor;
				CODE_SIGN_STYLE = Automatic;
				CURRENT_PROJECT_VERSION = 1;
				DEVELOPMENT_TEAM = 9M7D6BTNY5;
				GENERATE_INFOPLIST_FILE = YES;
				INFOPLIST_FILE = Posterr/Info.plist;
				INFOPLIST_KEY_UIApplicationSupportsIndirectInputEvents = YES;
				INFOPLIST_KEY_UILaunchStoryboardName = LaunchScreen;
				INFOPLIST_KEY_UISupportedInterfaceOrientations_iPad = "UIInterfaceOrientationPortrait UIInterfaceOrientationPortraitUpsideDown UIInterfaceOrientationLandscapeLeft UIInterfaceOrientationLandscapeRight";
				INFOPLIST_KEY_UISupportedInterfaceOrientations_iPhone = "UIInterfaceOrientationPortrait UIInterfaceOrientationLandscapeLeft UIInterfaceOrientationLandscapeRight";
				LD_RUNPATH_SEARCH_PATHS = (
					"$(inherited)",
					"@executable_path/Frameworks",
				);
				MARKETING_VERSION = 1.0;
				PRODUCT_BUNDLE_IDENTIFIER = com.anthony.apollo.Posterr;
				PRODUCT_NAME = "$(TARGET_NAME)";
				SWIFT_EMIT_LOC_STRINGS = YES;
				SWIFT_VERSION = 5.0;
				TARGETED_DEVICE_FAMILY = "1,2";
			};
			name = Release;
		};
		156A6FD72899F70C003F75AE /* Debug */ = {
			isa = XCBuildConfiguration;
			buildSettings = {
				ALWAYS_EMBED_SWIFT_STANDARD_LIBRARIES = YES;
				BUNDLE_LOADER = "$(TEST_HOST)";
				CODE_SIGN_STYLE = Automatic;
				CURRENT_PROJECT_VERSION = 1;
				DEVELOPMENT_TEAM = 9M7D6BTNY5;
				GENERATE_INFOPLIST_FILE = YES;
				IPHONEOS_DEPLOYMENT_TARGET = 15.5;
				MARKETING_VERSION = 1.0;
				PRODUCT_BUNDLE_IDENTIFIER = com.anthony.apollo.PosterrTests;
				PRODUCT_NAME = "$(TARGET_NAME)";
				SWIFT_EMIT_LOC_STRINGS = NO;
				SWIFT_VERSION = 5.0;
				TARGETED_DEVICE_FAMILY = "1,2";
				TEST_HOST = "$(BUILT_PRODUCTS_DIR)/Posterr.app/Posterr";
			};
			name = Debug;
		};
		156A6FD82899F70C003F75AE /* Release */ = {
			isa = XCBuildConfiguration;
			buildSettings = {
				ALWAYS_EMBED_SWIFT_STANDARD_LIBRARIES = YES;
				BUNDLE_LOADER = "$(TEST_HOST)";
				CODE_SIGN_STYLE = Automatic;
				CURRENT_PROJECT_VERSION = 1;
				DEVELOPMENT_TEAM = 9M7D6BTNY5;
				GENERATE_INFOPLIST_FILE = YES;
				IPHONEOS_DEPLOYMENT_TARGET = 15.5;
				MARKETING_VERSION = 1.0;
				PRODUCT_BUNDLE_IDENTIFIER = com.anthony.apollo.PosterrTests;
				PRODUCT_NAME = "$(TARGET_NAME)";
				SWIFT_EMIT_LOC_STRINGS = NO;
				SWIFT_VERSION = 5.0;
				TARGETED_DEVICE_FAMILY = "1,2";
				TEST_HOST = "$(BUILT_PRODUCTS_DIR)/Posterr.app/Posterr";
			};
			name = Release;
		};
		156A6FDA2899F70C003F75AE /* Debug */ = {
			isa = XCBuildConfiguration;
			buildSettings = {
				ALWAYS_EMBED_SWIFT_STANDARD_LIBRARIES = YES;
				CODE_SIGN_STYLE = Automatic;
				CURRENT_PROJECT_VERSION = 1;
				DEVELOPMENT_TEAM = 9M7D6BTNY5;
				GENERATE_INFOPLIST_FILE = YES;
				MARKETING_VERSION = 1.0;
				PRODUCT_BUNDLE_IDENTIFIER = com.anthony.apollo.PosterrUITests;
				PRODUCT_NAME = "$(TARGET_NAME)";
				SWIFT_EMIT_LOC_STRINGS = NO;
				SWIFT_VERSION = 5.0;
				TARGETED_DEVICE_FAMILY = "1,2";
				TEST_TARGET_NAME = Posterr;
			};
			name = Debug;
		};
		156A6FDB2899F70C003F75AE /* Release */ = {
			isa = XCBuildConfiguration;
			buildSettings = {
				ALWAYS_EMBED_SWIFT_STANDARD_LIBRARIES = YES;
				CODE_SIGN_STYLE = Automatic;
				CURRENT_PROJECT_VERSION = 1;
				DEVELOPMENT_TEAM = 9M7D6BTNY5;
				GENERATE_INFOPLIST_FILE = YES;
				MARKETING_VERSION = 1.0;
				PRODUCT_BUNDLE_IDENTIFIER = com.anthony.apollo.PosterrUITests;
				PRODUCT_NAME = "$(TARGET_NAME)";
				SWIFT_EMIT_LOC_STRINGS = NO;
				SWIFT_VERSION = 5.0;
				TARGETED_DEVICE_FAMILY = "1,2";
				TEST_TARGET_NAME = Posterr;
			};
			name = Release;
		};
/* End XCBuildConfiguration section */

/* Begin XCConfigurationList section */
		156A6FA42899F70A003F75AE /* Build configuration list for PBXProject "Posterr" */ = {
			isa = XCConfigurationList;
			buildConfigurations = (
				156A6FD12899F70C003F75AE /* Debug */,
				156A6FD22899F70C003F75AE /* Release */,
			);
			defaultConfigurationIsVisible = 0;
			defaultConfigurationName = Release;
		};
		156A6FD32899F70C003F75AE /* Build configuration list for PBXNativeTarget "Posterr" */ = {
			isa = XCConfigurationList;
			buildConfigurations = (
				156A6FD42899F70C003F75AE /* Debug */,
				156A6FD52899F70C003F75AE /* Release */,
			);
			defaultConfigurationIsVisible = 0;
			defaultConfigurationName = Release;
		};
		156A6FD62899F70C003F75AE /* Build configuration list for PBXNativeTarget "PosterrTests" */ = {
			isa = XCConfigurationList;
			buildConfigurations = (
				156A6FD72899F70C003F75AE /* Debug */,
				156A6FD82899F70C003F75AE /* Release */,
			);
			defaultConfigurationIsVisible = 0;
			defaultConfigurationName = Release;
		};
		156A6FD92899F70C003F75AE /* Build configuration list for PBXNativeTarget "PosterrUITests" */ = {
			isa = XCConfigurationList;
			buildConfigurations = (
				156A6FDA2899F70C003F75AE /* Debug */,
				156A6FDB2899F70C003F75AE /* Release */,
			);
			defaultConfigurationIsVisible = 0;
			defaultConfigurationName = Release;
		};
/* End XCConfigurationList section */

/* Begin XCRemoteSwiftPackageReference section */
		155AE4E8289B00B600D18F6B /* XCRemoteSwiftPackageReference "SnapKit" */ = {
			isa = XCRemoteSwiftPackageReference;
			repositoryURL = "https://github.com/SnapKit/SnapKit.git";
			requirement = {
				kind = upToNextMajorVersion;
				minimumVersion = 5.0.0;
			};
		};
/* End XCRemoteSwiftPackageReference section */

/* Begin XCSwiftPackageProductDependency section */
		155AE4E9289B00B600D18F6B /* SnapKit */ = {
			isa = XCSwiftPackageProductDependency;
			package = 155AE4E8289B00B600D18F6B /* XCRemoteSwiftPackageReference "SnapKit" */;
			productName = SnapKit;
		};
/* End XCSwiftPackageProductDependency section */

/* Begin XCVersionGroup section */
		15419253289D998D005B907A /* Posterr.xcdatamodeld */ = {
			isa = XCVersionGroup;
			children = (
				15419254289D998D005B907A /* Posterr.xcdatamodel */,
			);
			currentVersion = 15419254289D998D005B907A /* Posterr.xcdatamodel */;
			path = Posterr.xcdatamodeld;
			sourceTree = "<group>";
			versionGroupType = wrapper.xcdatamodel;
		};
/* End XCVersionGroup section */
	};
	rootObject = 156A6FA12899F70A003F75AE /* Project object */;
}
