// !$*UTF8*$!
{
	archiveVersion = 1;
	classes = {
	};
	objectVersion = 55;
	objects = {

/* Begin PBXBuildFile section */
		1503DC7D28A1D36D00510D3F /* UIStackView+Convenience.swift in Sources */ = {isa = PBXBuildFile; fileRef = 1503DC7C28A1D36D00510D3F /* UIStackView+Convenience.swift */; };
		1503DC8128A1EE4F00510D3F /* UIImage+Convenience.swift in Sources */ = {isa = PBXBuildFile; fileRef = 1503DC8028A1EE4F00510D3F /* UIImage+Convenience.swift */; };
		15419255289D998D005B907A /* Posterr.xcdatamodeld in Sources */ = {isa = PBXBuildFile; fileRef = 15419253289D998D005B907A /* Posterr.xcdatamodeld */; };
		155A66E0289E0E9F001A17AC /* UITextView+Convenience.swift in Sources */ = {isa = PBXBuildFile; fileRef = 155A66DF289E0E9F001A17AC /* UITextView+Convenience.swift */; };
		155A66E2289E10B3001A17AC /* String+Validation.swift in Sources */ = {isa = PBXBuildFile; fileRef = 155A66E1289E10B3001A17AC /* String+Validation.swift */; };
		155AE4EA289B00B600D18F6B /* SnapKit in Frameworks */ = {isa = PBXBuildFile; productRef = 155AE4E9289B00B600D18F6B /* SnapKit */; };
		155AE4ED289B04FC00D18F6B /* FeedPresenter.swift in Sources */ = {isa = PBXBuildFile; fileRef = 155AE4EC289B04FC00D18F6B /* FeedPresenter.swift */; };
		155AE4F0289B052B00D18F6B /* Feed+Protocols.swift in Sources */ = {isa = PBXBuildFile; fileRef = 155AE4EF289B052B00D18F6B /* Feed+Protocols.swift */; };
		155AE4FA289B123C00D18F6B /* PostTableViewCell.swift in Sources */ = {isa = PBXBuildFile; fileRef = 155AE4F9289B123C00D18F6B /* PostTableViewCell.swift */; };
		155AE501289B2D4E00D18F6B /* UserProfileView.swift in Sources */ = {isa = PBXBuildFile; fileRef = 155AE500289B2D4E00D18F6B /* UserProfileView.swift */; };
		155AE503289B2E8900D18F6B /* UserInfoView.swift in Sources */ = {isa = PBXBuildFile; fileRef = 155AE502289B2E8900D18F6B /* UserInfoView.swift */; };
		155AE505289B312000D18F6B /* PostCountView.swift in Sources */ = {isa = PBXBuildFile; fileRef = 155AE504289B312000D18F6B /* PostCountView.swift */; };
		155AE507289B4A6A00D18F6B /* PostCreationView.swift in Sources */ = {isa = PBXBuildFile; fileRef = 155AE506289B4A6A00D18F6B /* PostCreationView.swift */; };
		155BD3B2289C4DC30030B27A /* UIView+Convenience.swift in Sources */ = {isa = PBXBuildFile; fileRef = 155BD3B1289C4DC30030B27A /* UIView+Convenience.swift */; };
		155BD3BB289C86110030B27A /* Array+Safety.swift in Sources */ = {isa = PBXBuildFile; fileRef = 155BD3BA289C86110030B27A /* Array+Safety.swift */; };
		155BD3BE289C883A0030B27A /* FeedInteractor.swift in Sources */ = {isa = PBXBuildFile; fileRef = 155BD3BD289C883A0030B27A /* FeedInteractor.swift */; };
		156A6FAD2899F70A003F75AE /* AppDelegate.swift in Sources */ = {isa = PBXBuildFile; fileRef = 156A6FAC2899F70A003F75AE /* AppDelegate.swift */; };
		156A6FAF2899F70A003F75AE /* SceneDelegate.swift in Sources */ = {isa = PBXBuildFile; fileRef = 156A6FAE2899F70A003F75AE /* SceneDelegate.swift */; };
		156A6FB62899F70B003F75AE /* Assets.xcassets in Resources */ = {isa = PBXBuildFile; fileRef = 156A6FB52899F70B003F75AE /* Assets.xcassets */; };
		156A6FB92899F70B003F75AE /* LaunchScreen.storyboard in Resources */ = {isa = PBXBuildFile; fileRef = 156A6FB72899F70B003F75AE /* LaunchScreen.storyboard */; };
		156A6FCE2899F70C003F75AE /* PosterrUITests.swift in Sources */ = {isa = PBXBuildFile; fileRef = 156A6FCD2899F70C003F75AE /* PosterrUITests.swift */; };
		156A6FD02899F70C003F75AE /* PosterrUITestsLaunchTests.swift in Sources */ = {isa = PBXBuildFile; fileRef = 156A6FCF2899F70C003F75AE /* PosterrUITestsLaunchTests.swift */; };
		156B5F2F289EE49700BB8795 /* PostMessageView.swift in Sources */ = {isa = PBXBuildFile; fileRef = 156B5F2E289EE49700BB8795 /* PostMessageView.swift */; };
		156B5F31289EF1AE00BB8795 /* UIViewController+Alert.swift in Sources */ = {isa = PBXBuildFile; fileRef = 156B5F30289EF1AE00BB8795 /* UIViewController+Alert.swift */; };
		156B5F34289EFAE900BB8795 /* PostType.swift in Sources */ = {isa = PBXBuildFile; fileRef = 156B5F33289EFAE900BB8795 /* PostType.swift */; };
		156B5F36289F007F00BB8795 /* PostReplyMenu.swift in Sources */ = {isa = PBXBuildFile; fileRef = 156B5F35289F007F00BB8795 /* PostReplyMenu.swift */; };
		156B5F39289F03DB00BB8795 /* RepostTableViewCell.swift in Sources */ = {isa = PBXBuildFile; fileRef = 156B5F38289F03DB00BB8795 /* RepostTableViewCell.swift */; };
		1576E88628A0425F00F26BBA /* DataSource+Protocols.swift in Sources */ = {isa = PBXBuildFile; fileRef = 1576E88528A0425F00F26BBA /* DataSource+Protocols.swift */; };
		1576E88828A0520C00F26BBA /* DataSource+Enums.swift in Sources */ = {isa = PBXBuildFile; fileRef = 1576E88728A0520C00F26BBA /* DataSource+Enums.swift */; };
		1576E88C28A0571800F26BBA /* NSFetchRequest + Extensions.swift in Sources */ = {isa = PBXBuildFile; fileRef = 1576E88B28A0571800F26BBA /* NSFetchRequest + Extensions.swift */; };
		1581D76E2899FCB5009C6593 /* ApplicationTabBarController.swift in Sources */ = {isa = PBXBuildFile; fileRef = 1581D76D2899FCB5009C6593 /* ApplicationTabBarController.swift */; };
		1581D7722899FE4F009C6593 /* FeedViewController.swift in Sources */ = {isa = PBXBuildFile; fileRef = 1581D7712899FE4F009C6593 /* FeedViewController.swift */; };
		1581D7742899FE60009C6593 /* UserProfileViewController.swift in Sources */ = {isa = PBXBuildFile; fileRef = 1581D7732899FE60009C6593 /* UserProfileViewController.swift */; };
		1581D778289A0DB7009C6593 /* FeedView.swift in Sources */ = {isa = PBXBuildFile; fileRef = 1581D777289A0DB7009C6593 /* FeedView.swift */; };
		1581D77B289A0DE4009C6593 /* CodableView.swift in Sources */ = {isa = PBXBuildFile; fileRef = 1581D77A289A0DE4009C6593 /* CodableView.swift */; };
		1587787A28A45179006B3B01 /* UserProfileViewTestCase.swift in Sources */ = {isa = PBXBuildFile; fileRef = 1587787928A45179006B3B01 /* UserProfileViewTestCase.swift */; };
		1587787D28A454D5006B3B01 /* FeedRouterStub.swift in Sources */ = {isa = PBXBuildFile; fileRef = 1587787C28A454D5006B3B01 /* FeedRouterStub.swift */; };
		1587788128A459D0006B3B01 /* FeedInteractorStub.swift in Sources */ = {isa = PBXBuildFile; fileRef = 1587788028A459D0006B3B01 /* FeedInteractorStub.swift */; };
		1587788328A45DF0006B3B01 /* PostDummy.swift in Sources */ = {isa = PBXBuildFile; fileRef = 1587788228A45DF0006B3B01 /* PostDummy.swift */; };
		1587788528A463E8006B3B01 /* FeedInteractorSpy.swift in Sources */ = {isa = PBXBuildFile; fileRef = 1587788428A463E8006B3B01 /* FeedInteractorSpy.swift */; };
		1587788728A46514006B3B01 /* UserProfileViewControllerTestCase.swift in Sources */ = {isa = PBXBuildFile; fileRef = 1587788628A46514006B3B01 /* UserProfileViewControllerTestCase.swift */; };
		1587788B28A466DD006B3B01 /* UserProfilePresenterSpy.swift in Sources */ = {isa = PBXBuildFile; fileRef = 1587788A28A466DD006B3B01 /* UserProfilePresenterSpy.swift */; };
		1587788D28A467CA006B3B01 /* UserProfileViewSpy.swift in Sources */ = {isa = PBXBuildFile; fileRef = 1587788C28A467CA006B3B01 /* UserProfileViewSpy.swift */; };
		1587789028A46D05006B3B01 /* AppDataSourceStub.swift in Sources */ = {isa = PBXBuildFile; fileRef = 1587788F28A46D05006B3B01 /* AppDataSourceStub.swift */; };
		1587789228A46EEF006B3B01 /* UserProfileInteractorTestCase.swift in Sources */ = {isa = PBXBuildFile; fileRef = 1587789128A46EEF006B3B01 /* UserProfileInteractorTestCase.swift */; };
		1587789428A47052006B3B01 /* UserProfileInteractorOutputSpy.swift in Sources */ = {isa = PBXBuildFile; fileRef = 1587789328A47052006B3B01 /* UserProfileInteractorOutputSpy.swift */; };
		1587789728A47966006B3B01 /* UserProfilePresenterTestCase.swift in Sources */ = {isa = PBXBuildFile; fileRef = 1587789628A47966006B3B01 /* UserProfilePresenterTestCase.swift */; };
		1587789928A47A8E006B3B01 /* UserProfileInteractorSpy.swift in Sources */ = {isa = PBXBuildFile; fileRef = 1587789828A47A8E006B3B01 /* UserProfileInteractorSpy.swift */; };
		1587789B28A47B50006B3B01 /* UserProfileViewProtocolSpy.swift in Sources */ = {isa = PBXBuildFile; fileRef = 1587789A28A47B50006B3B01 /* UserProfileViewProtocolSpy.swift */; };
		158778A228A480E6006B3B01 /* PostTableViewCellTestCase.swift in Sources */ = {isa = PBXBuildFile; fileRef = 158778A128A480E6006B3B01 /* PostTableViewCellTestCase.swift */; };
		158778A628A48341006B3B01 /* PostTableViewCellDelegateSpy.swift in Sources */ = {isa = PBXBuildFile; fileRef = 158778A528A48341006B3B01 /* PostTableViewCellDelegateSpy.swift */; };
		158778A828A48785006B3B01 /* RepostTableViewCellTestCase.swift in Sources */ = {isa = PBXBuildFile; fileRef = 158778A728A48785006B3B01 /* RepostTableViewCellTestCase.swift */; };
		158778AA28A4892D006B3B01 /* QuoteTableViewCellTestCase.swift in Sources */ = {isa = PBXBuildFile; fileRef = 158778A928A4892D006B3B01 /* QuoteTableViewCellTestCase.swift */; };
		158778AC28A48BB7006B3B01 /* PostReplyMenuTestCase.swift in Sources */ = {isa = PBXBuildFile; fileRef = 158778AB28A48BB7006B3B01 /* PostReplyMenuTestCase.swift */; };
		158778AE28A48D29006B3B01 /* PostReplyMenuDelegateSpy.swift in Sources */ = {isa = PBXBuildFile; fileRef = 158778AD28A48D29006B3B01 /* PostReplyMenuDelegateSpy.swift */; };
		158E320428A3179900A17E86 /* User.swift in Sources */ = {isa = PBXBuildFile; fileRef = 158E320328A3179900A17E86 /* User.swift */; };
		1592931F289F5D1C00AB9F16 /* QuoteTableViewCell.swift in Sources */ = {isa = PBXBuildFile; fileRef = 1592931E289F5D1C00AB9F16 /* QuoteTableViewCell.swift */; };
		15C0B265289DE43F007C54B8 /* Application+Protocols.swift in Sources */ = {isa = PBXBuildFile; fileRef = 15C0B264289DE43F007C54B8 /* Application+Protocols.swift */; };
		15C0B268289DE5C4007C54B8 /* ApplicationPresenter.swift in Sources */ = {isa = PBXBuildFile; fileRef = 15C0B267289DE5C4007C54B8 /* ApplicationPresenter.swift */; };
		15C0B26B289DE65E007C54B8 /* ApplicationInteractor.swift in Sources */ = {isa = PBXBuildFile; fileRef = 15C0B26A289DE65E007C54B8 /* ApplicationInteractor.swift */; };
		15C41A3228A34A8E00F2213A /* PostCountViewTestCase.swift in Sources */ = {isa = PBXBuildFile; fileRef = 15C41A3128A34A8E00F2213A /* PostCountViewTestCase.swift */; };
		15C41A3628A34B3A00F2213A /* UserDummy.swift in Sources */ = {isa = PBXBuildFile; fileRef = 15C41A3528A34B3A00F2213A /* UserDummy.swift */; };
		15C41A3928A3533700F2213A /* UserInfoViewTestCase.swift in Sources */ = {isa = PBXBuildFile; fileRef = 15C41A3828A3533700F2213A /* UserInfoViewTestCase.swift */; };
		15CF31F428A03AAF00314BB5 /* Date+Format.swift in Sources */ = {isa = PBXBuildFile; fileRef = 15CF31F328A03AAF00314BB5 /* Date+Format.swift */; };
		15E2880A289DA68800905E1A /* DataManager.swift in Sources */ = {isa = PBXBuildFile; fileRef = 15E28809289DA68800905E1A /* DataManager.swift */; };
		15E9B90F28A1F99700C0F444 /* Localizable.strings in Resources */ = {isa = PBXBuildFile; fileRef = 15E9B90E28A1F99700C0F444 /* Localizable.strings */; };
		15E9B91328A2006500C0F444 /* Typealiases.swift in Sources */ = {isa = PBXBuildFile; fileRef = 15E9B91228A2006500C0F444 /* Typealiases.swift */; };
		15E9B91728A2026D00C0F444 /* SystemIcons.strings in Resources */ = {isa = PBXBuildFile; fileRef = 15E9B91628A2026D00C0F444 /* SystemIcons.strings */; };
		15E9B91928A202AF00C0F444 /* R.generated.swift in Sources */ = {isa = PBXBuildFile; fileRef = 15E9B91828A202AF00C0F444 /* R.generated.swift */; };
		15E9B91E28A204EF00C0F444 /* ApplicationRouter.swift in Sources */ = {isa = PBXBuildFile; fileRef = 15E9B91D28A204EF00C0F444 /* ApplicationRouter.swift */; };
		15E9B92128A205CC00C0F444 /* FeedRouter.swift in Sources */ = {isa = PBXBuildFile; fileRef = 15E9B92028A205CC00C0F444 /* FeedRouter.swift */; };
		15E9B92428A2069700C0F444 /* UserProfileRouter.swift in Sources */ = {isa = PBXBuildFile; fileRef = 15E9B92328A2069700C0F444 /* UserProfileRouter.swift */; };
		15F7973828A32357006066E4 /* UserProfile+Protocols.swift in Sources */ = {isa = PBXBuildFile; fileRef = 15F7973728A32357006066E4 /* UserProfile+Protocols.swift */; };
		15F7973C28A325D1006066E4 /* UserProfilePresenter.swift in Sources */ = {isa = PBXBuildFile; fileRef = 15F7973B28A325D1006066E4 /* UserProfilePresenter.swift */; };
		15F7973F28A326BE006066E4 /* UserProfileInteractor.swift in Sources */ = {isa = PBXBuildFile; fileRef = 15F7973E28A326BE006066E4 /* UserProfileInteractor.swift */; };
		15F7974328A33C1E006066E4 /* Post.swift in Sources */ = {isa = PBXBuildFile; fileRef = 15F7974228A33C1E006066E4 /* Post.swift */; };
		31C63398FABE7D9BAE7B9E22 /* Pods_PosterrTests.framework in Frameworks */ = {isa = PBXBuildFile; fileRef = 94B92FC237162CA7C189F065 /* Pods_PosterrTests.framework */; };
		A52B6294DD066D7274DD89E2 /* Pods_Posterr_PosterrUITests.framework in Frameworks */ = {isa = PBXBuildFile; fileRef = AC736BEB9CB33B014895516E /* Pods_Posterr_PosterrUITests.framework */; };
		FB5B831A5C5722B02B067406 /* Pods_Posterr.framework in Frameworks */ = {isa = PBXBuildFile; fileRef = 284319B73AE17F3E2A7EAA6C /* Pods_Posterr.framework */; };
/* End PBXBuildFile section */

/* Begin PBXContainerItemProxy section */
		156A6FC02899F70C003F75AE /* PBXContainerItemProxy */ = {
			isa = PBXContainerItemProxy;
			containerPortal = 156A6FA12899F70A003F75AE /* Project object */;
			proxyType = 1;
			remoteGlobalIDString = 156A6FA82899F70A003F75AE;
			remoteInfo = Posterr;
		};
		156A6FCA2899F70C003F75AE /* PBXContainerItemProxy */ = {
			isa = PBXContainerItemProxy;
			containerPortal = 156A6FA12899F70A003F75AE /* Project object */;
			proxyType = 1;
			remoteGlobalIDString = 156A6FA82899F70A003F75AE;
			remoteInfo = Posterr;
		};
/* End PBXContainerItemProxy section */

/* Begin PBXFileReference section */
		1503DC7C28A1D36D00510D3F /* UIStackView+Convenience.swift */ = {isa = PBXFileReference; lastKnownFileType = sourcecode.swift; path = "UIStackView+Convenience.swift"; sourceTree = "<group>"; };
		1503DC8028A1EE4F00510D3F /* UIImage+Convenience.swift */ = {isa = PBXFileReference; lastKnownFileType = sourcecode.swift; path = "UIImage+Convenience.swift"; sourceTree = "<group>"; };
		15419254289D998D005B907A /* Posterr.xcdatamodel */ = {isa = PBXFileReference; lastKnownFileType = wrapper.xcdatamodel; path = Posterr.xcdatamodel; sourceTree = "<group>"; };
		155A66DF289E0E9F001A17AC /* UITextView+Convenience.swift */ = {isa = PBXFileReference; lastKnownFileType = sourcecode.swift; path = "UITextView+Convenience.swift"; sourceTree = "<group>"; };
		155A66E1289E10B3001A17AC /* String+Validation.swift */ = {isa = PBXFileReference; lastKnownFileType = sourcecode.swift; path = "String+Validation.swift"; sourceTree = "<group>"; };
		155AE4EC289B04FC00D18F6B /* FeedPresenter.swift */ = {isa = PBXFileReference; lastKnownFileType = sourcecode.swift; path = FeedPresenter.swift; sourceTree = "<group>"; };
		155AE4EF289B052B00D18F6B /* Feed+Protocols.swift */ = {isa = PBXFileReference; lastKnownFileType = sourcecode.swift; path = "Feed+Protocols.swift"; sourceTree = "<group>"; };
		155AE4F9289B123C00D18F6B /* PostTableViewCell.swift */ = {isa = PBXFileReference; lastKnownFileType = sourcecode.swift; path = PostTableViewCell.swift; sourceTree = "<group>"; };
		155AE500289B2D4E00D18F6B /* UserProfileView.swift */ = {isa = PBXFileReference; lastKnownFileType = sourcecode.swift; path = UserProfileView.swift; sourceTree = "<group>"; };
		155AE502289B2E8900D18F6B /* UserInfoView.swift */ = {isa = PBXFileReference; lastKnownFileType = sourcecode.swift; path = UserInfoView.swift; sourceTree = "<group>"; };
		155AE504289B312000D18F6B /* PostCountView.swift */ = {isa = PBXFileReference; lastKnownFileType = sourcecode.swift; path = PostCountView.swift; sourceTree = "<group>"; };
		155AE506289B4A6A00D18F6B /* PostCreationView.swift */ = {isa = PBXFileReference; lastKnownFileType = sourcecode.swift; path = PostCreationView.swift; sourceTree = "<group>"; };
		155BD3B1289C4DC30030B27A /* UIView+Convenience.swift */ = {isa = PBXFileReference; lastKnownFileType = sourcecode.swift; path = "UIView+Convenience.swift"; sourceTree = "<group>"; };
		155BD3BA289C86110030B27A /* Array+Safety.swift */ = {isa = PBXFileReference; lastKnownFileType = sourcecode.swift; path = "Array+Safety.swift"; sourceTree = "<group>"; };
		155BD3BD289C883A0030B27A /* FeedInteractor.swift */ = {isa = PBXFileReference; lastKnownFileType = sourcecode.swift; path = FeedInteractor.swift; sourceTree = "<group>"; };
		156A6FA92899F70A003F75AE /* Posterr.app */ = {isa = PBXFileReference; explicitFileType = wrapper.application; includeInIndex = 0; path = Posterr.app; sourceTree = BUILT_PRODUCTS_DIR; };
		156A6FAC2899F70A003F75AE /* AppDelegate.swift */ = {isa = PBXFileReference; lastKnownFileType = sourcecode.swift; path = AppDelegate.swift; sourceTree = "<group>"; };
		156A6FAE2899F70A003F75AE /* SceneDelegate.swift */ = {isa = PBXFileReference; lastKnownFileType = sourcecode.swift; path = SceneDelegate.swift; sourceTree = "<group>"; };
		156A6FB52899F70B003F75AE /* Assets.xcassets */ = {isa = PBXFileReference; lastKnownFileType = folder.assetcatalog; path = Assets.xcassets; sourceTree = "<group>"; };
		156A6FB82899F70B003F75AE /* Base */ = {isa = PBXFileReference; lastKnownFileType = file.storyboard; name = Base; path = Base.lproj/LaunchScreen.storyboard; sourceTree = "<group>"; };
		156A6FBA2899F70B003F75AE /* Info.plist */ = {isa = PBXFileReference; lastKnownFileType = text.plist.xml; path = Info.plist; sourceTree = "<group>"; };
		156A6FBF2899F70C003F75AE /* PosterrTests.xctest */ = {isa = PBXFileReference; explicitFileType = wrapper.cfbundle; includeInIndex = 0; path = PosterrTests.xctest; sourceTree = BUILT_PRODUCTS_DIR; };
		156A6FC92899F70C003F75AE /* PosterrUITests.xctest */ = {isa = PBXFileReference; explicitFileType = wrapper.cfbundle; includeInIndex = 0; path = PosterrUITests.xctest; sourceTree = BUILT_PRODUCTS_DIR; };
		156A6FCD2899F70C003F75AE /* PosterrUITests.swift */ = {isa = PBXFileReference; lastKnownFileType = sourcecode.swift; path = PosterrUITests.swift; sourceTree = "<group>"; };
		156A6FCF2899F70C003F75AE /* PosterrUITestsLaunchTests.swift */ = {isa = PBXFileReference; lastKnownFileType = sourcecode.swift; path = PosterrUITestsLaunchTests.swift; sourceTree = "<group>"; };
		156B5F2E289EE49700BB8795 /* PostMessageView.swift */ = {isa = PBXFileReference; lastKnownFileType = sourcecode.swift; path = PostMessageView.swift; sourceTree = "<group>"; };
		156B5F30289EF1AE00BB8795 /* UIViewController+Alert.swift */ = {isa = PBXFileReference; lastKnownFileType = sourcecode.swift; path = "UIViewController+Alert.swift"; sourceTree = "<group>"; };
		156B5F33289EFAE900BB8795 /* PostType.swift */ = {isa = PBXFileReference; lastKnownFileType = sourcecode.swift; path = PostType.swift; sourceTree = "<group>"; };
		156B5F35289F007F00BB8795 /* PostReplyMenu.swift */ = {isa = PBXFileReference; lastKnownFileType = sourcecode.swift; path = PostReplyMenu.swift; sourceTree = "<group>"; };
		156B5F38289F03DB00BB8795 /* RepostTableViewCell.swift */ = {isa = PBXFileReference; lastKnownFileType = sourcecode.swift; path = RepostTableViewCell.swift; sourceTree = "<group>"; };
		1576E88528A0425F00F26BBA /* DataSource+Protocols.swift */ = {isa = PBXFileReference; lastKnownFileType = sourcecode.swift; path = "DataSource+Protocols.swift"; sourceTree = "<group>"; };
		1576E88728A0520C00F26BBA /* DataSource+Enums.swift */ = {isa = PBXFileReference; lastKnownFileType = sourcecode.swift; path = "DataSource+Enums.swift"; sourceTree = "<group>"; };
		1576E88B28A0571800F26BBA /* NSFetchRequest + Extensions.swift */ = {isa = PBXFileReference; lastKnownFileType = sourcecode.swift; path = "NSFetchRequest + Extensions.swift"; sourceTree = "<group>"; };
		1581D76D2899FCB5009C6593 /* ApplicationTabBarController.swift */ = {isa = PBXFileReference; lastKnownFileType = sourcecode.swift; path = ApplicationTabBarController.swift; sourceTree = "<group>"; };
		1581D7712899FE4F009C6593 /* FeedViewController.swift */ = {isa = PBXFileReference; lastKnownFileType = sourcecode.swift; path = FeedViewController.swift; sourceTree = "<group>"; };
		1581D7732899FE60009C6593 /* UserProfileViewController.swift */ = {isa = PBXFileReference; lastKnownFileType = sourcecode.swift; path = UserProfileViewController.swift; sourceTree = "<group>"; };
		1581D777289A0DB7009C6593 /* FeedView.swift */ = {isa = PBXFileReference; lastKnownFileType = sourcecode.swift; path = FeedView.swift; sourceTree = "<group>"; };
		1581D77A289A0DE4009C6593 /* CodableView.swift */ = {isa = PBXFileReference; lastKnownFileType = sourcecode.swift; path = CodableView.swift; sourceTree = "<group>"; };
		1587787928A45179006B3B01 /* UserProfileViewTestCase.swift */ = {isa = PBXFileReference; lastKnownFileType = sourcecode.swift; path = UserProfileViewTestCase.swift; sourceTree = "<group>"; };
		1587787C28A454D5006B3B01 /* FeedRouterStub.swift */ = {isa = PBXFileReference; lastKnownFileType = sourcecode.swift; path = FeedRouterStub.swift; sourceTree = "<group>"; };
		1587788028A459D0006B3B01 /* FeedInteractorStub.swift */ = {isa = PBXFileReference; lastKnownFileType = sourcecode.swift; path = FeedInteractorStub.swift; sourceTree = "<group>"; };
		1587788228A45DF0006B3B01 /* PostDummy.swift */ = {isa = PBXFileReference; lastKnownFileType = sourcecode.swift; path = PostDummy.swift; sourceTree = "<group>"; };
		1587788428A463E8006B3B01 /* FeedInteractorSpy.swift */ = {isa = PBXFileReference; lastKnownFileType = sourcecode.swift; path = FeedInteractorSpy.swift; sourceTree = "<group>"; };
		1587788628A46514006B3B01 /* UserProfileViewControllerTestCase.swift */ = {isa = PBXFileReference; lastKnownFileType = sourcecode.swift; path = UserProfileViewControllerTestCase.swift; sourceTree = "<group>"; };
		1587788A28A466DD006B3B01 /* UserProfilePresenterSpy.swift */ = {isa = PBXFileReference; lastKnownFileType = sourcecode.swift; path = UserProfilePresenterSpy.swift; sourceTree = "<group>"; };
		1587788C28A467CA006B3B01 /* UserProfileViewSpy.swift */ = {isa = PBXFileReference; lastKnownFileType = sourcecode.swift; path = UserProfileViewSpy.swift; sourceTree = "<group>"; };
		1587788F28A46D05006B3B01 /* AppDataSourceStub.swift */ = {isa = PBXFileReference; lastKnownFileType = sourcecode.swift; path = AppDataSourceStub.swift; sourceTree = "<group>"; };
		1587789128A46EEF006B3B01 /* UserProfileInteractorTestCase.swift */ = {isa = PBXFileReference; lastKnownFileType = sourcecode.swift; path = UserProfileInteractorTestCase.swift; sourceTree = "<group>"; };
		1587789328A47052006B3B01 /* UserProfileInteractorOutputSpy.swift */ = {isa = PBXFileReference; lastKnownFileType = sourcecode.swift; path = UserProfileInteractorOutputSpy.swift; sourceTree = "<group>"; };
		1587789628A47966006B3B01 /* UserProfilePresenterTestCase.swift */ = {isa = PBXFileReference; lastKnownFileType = sourcecode.swift; path = UserProfilePresenterTestCase.swift; sourceTree = "<group>"; };
		1587789828A47A8E006B3B01 /* UserProfileInteractorSpy.swift */ = {isa = PBXFileReference; lastKnownFileType = sourcecode.swift; path = UserProfileInteractorSpy.swift; sourceTree = "<group>"; };
		1587789A28A47B50006B3B01 /* UserProfileViewProtocolSpy.swift */ = {isa = PBXFileReference; lastKnownFileType = sourcecode.swift; path = UserProfileViewProtocolSpy.swift; sourceTree = "<group>"; };
		158778A128A480E6006B3B01 /* PostTableViewCellTestCase.swift */ = {isa = PBXFileReference; lastKnownFileType = sourcecode.swift; path = PostTableViewCellTestCase.swift; sourceTree = "<group>"; };
		158778A528A48341006B3B01 /* PostTableViewCellDelegateSpy.swift */ = {isa = PBXFileReference; lastKnownFileType = sourcecode.swift; path = PostTableViewCellDelegateSpy.swift; sourceTree = "<group>"; };
		158778A728A48785006B3B01 /* RepostTableViewCellTestCase.swift */ = {isa = PBXFileReference; lastKnownFileType = sourcecode.swift; path = RepostTableViewCellTestCase.swift; sourceTree = "<group>"; };
		158778A928A4892D006B3B01 /* QuoteTableViewCellTestCase.swift */ = {isa = PBXFileReference; lastKnownFileType = sourcecode.swift; path = QuoteTableViewCellTestCase.swift; sourceTree = "<group>"; };
		158778AB28A48BB7006B3B01 /* PostReplyMenuTestCase.swift */ = {isa = PBXFileReference; lastKnownFileType = sourcecode.swift; path = PostReplyMenuTestCase.swift; sourceTree = "<group>"; };
		158778AD28A48D29006B3B01 /* PostReplyMenuDelegateSpy.swift */ = {isa = PBXFileReference; lastKnownFileType = sourcecode.swift; path = PostReplyMenuDelegateSpy.swift; sourceTree = "<group>"; };
		158E320328A3179900A17E86 /* User.swift */ = {isa = PBXFileReference; lastKnownFileType = sourcecode.swift; path = User.swift; sourceTree = "<group>"; };
		1592931E289F5D1C00AB9F16 /* QuoteTableViewCell.swift */ = {isa = PBXFileReference; lastKnownFileType = sourcecode.swift; path = QuoteTableViewCell.swift; sourceTree = "<group>"; };
		15C0B264289DE43F007C54B8 /* Application+Protocols.swift */ = {isa = PBXFileReference; lastKnownFileType = sourcecode.swift; path = "Application+Protocols.swift"; sourceTree = "<group>"; };
		15C0B267289DE5C4007C54B8 /* ApplicationPresenter.swift */ = {isa = PBXFileReference; lastKnownFileType = sourcecode.swift; path = ApplicationPresenter.swift; sourceTree = "<group>"; };
		15C0B26A289DE65E007C54B8 /* ApplicationInteractor.swift */ = {isa = PBXFileReference; lastKnownFileType = sourcecode.swift; path = ApplicationInteractor.swift; sourceTree = "<group>"; };
		15C41A3128A34A8E00F2213A /* PostCountViewTestCase.swift */ = {isa = PBXFileReference; lastKnownFileType = sourcecode.swift; path = PostCountViewTestCase.swift; sourceTree = "<group>"; };
		15C41A3528A34B3A00F2213A /* UserDummy.swift */ = {isa = PBXFileReference; lastKnownFileType = sourcecode.swift; path = UserDummy.swift; sourceTree = "<group>"; };
		15C41A3828A3533700F2213A /* UserInfoViewTestCase.swift */ = {isa = PBXFileReference; lastKnownFileType = sourcecode.swift; path = UserInfoViewTestCase.swift; sourceTree = "<group>"; };
		15CF31F328A03AAF00314BB5 /* Date+Format.swift */ = {isa = PBXFileReference; lastKnownFileType = sourcecode.swift; path = "Date+Format.swift"; sourceTree = "<group>"; };
		15E28809289DA68800905E1A /* DataManager.swift */ = {isa = PBXFileReference; lastKnownFileType = sourcecode.swift; path = DataManager.swift; sourceTree = "<group>"; };
		15E9B90E28A1F99700C0F444 /* Localizable.strings */ = {isa = PBXFileReference; lastKnownFileType = text.plist.strings; path = Localizable.strings; sourceTree = "<group>"; };
		15E9B91228A2006500C0F444 /* Typealiases.swift */ = {isa = PBXFileReference; lastKnownFileType = sourcecode.swift; path = Typealiases.swift; sourceTree = "<group>"; };
		15E9B91628A2026D00C0F444 /* SystemIcons.strings */ = {isa = PBXFileReference; lastKnownFileType = text.plist.strings; path = SystemIcons.strings; sourceTree = "<group>"; };
		15E9B91828A202AF00C0F444 /* R.generated.swift */ = {isa = PBXFileReference; fileEncoding = 4; lastKnownFileType = sourcecode.swift; path = R.generated.swift; sourceTree = SOURCE_ROOT; };
		15E9B91D28A204EF00C0F444 /* ApplicationRouter.swift */ = {isa = PBXFileReference; lastKnownFileType = sourcecode.swift; path = ApplicationRouter.swift; sourceTree = "<group>"; };
		15E9B92028A205CC00C0F444 /* FeedRouter.swift */ = {isa = PBXFileReference; lastKnownFileType = sourcecode.swift; path = FeedRouter.swift; sourceTree = "<group>"; };
		15E9B92328A2069700C0F444 /* UserProfileRouter.swift */ = {isa = PBXFileReference; lastKnownFileType = sourcecode.swift; path = UserProfileRouter.swift; sourceTree = "<group>"; };
		15F7973728A32357006066E4 /* UserProfile+Protocols.swift */ = {isa = PBXFileReference; lastKnownFileType = sourcecode.swift; path = "UserProfile+Protocols.swift"; sourceTree = "<group>"; };
		15F7973B28A325D1006066E4 /* UserProfilePresenter.swift */ = {isa = PBXFileReference; lastKnownFileType = sourcecode.swift; path = UserProfilePresenter.swift; sourceTree = "<group>"; };
		15F7973E28A326BE006066E4 /* UserProfileInteractor.swift */ = {isa = PBXFileReference; lastKnownFileType = sourcecode.swift; path = UserProfileInteractor.swift; sourceTree = "<group>"; };
		15F7974228A33C1E006066E4 /* Post.swift */ = {isa = PBXFileReference; lastKnownFileType = sourcecode.swift; path = Post.swift; sourceTree = "<group>"; };
		284319B73AE17F3E2A7EAA6C /* Pods_Posterr.framework */ = {isa = PBXFileReference; explicitFileType = wrapper.framework; includeInIndex = 0; path = Pods_Posterr.framework; sourceTree = BUILT_PRODUCTS_DIR; };
		654C689D38F961310215FA8A /* Pods-Posterr.release.xcconfig */ = {isa = PBXFileReference; includeInIndex = 1; lastKnownFileType = text.xcconfig; name = "Pods-Posterr.release.xcconfig"; path = "Target Support Files/Pods-Posterr/Pods-Posterr.release.xcconfig"; sourceTree = "<group>"; };
		82A543EFF94694D2CCF6F43B /* Pods-Posterr.debug.xcconfig */ = {isa = PBXFileReference; includeInIndex = 1; lastKnownFileType = text.xcconfig; name = "Pods-Posterr.debug.xcconfig"; path = "Target Support Files/Pods-Posterr/Pods-Posterr.debug.xcconfig"; sourceTree = "<group>"; };
		9320D403AB66537D69BD2812 /* Pods-Posterr-PosterrUITests.release.xcconfig */ = {isa = PBXFileReference; includeInIndex = 1; lastKnownFileType = text.xcconfig; name = "Pods-Posterr-PosterrUITests.release.xcconfig"; path = "Target Support Files/Pods-Posterr-PosterrUITests/Pods-Posterr-PosterrUITests.release.xcconfig"; sourceTree = "<group>"; };
		94B92FC237162CA7C189F065 /* Pods_PosterrTests.framework */ = {isa = PBXFileReference; explicitFileType = wrapper.framework; includeInIndex = 0; path = Pods_PosterrTests.framework; sourceTree = BUILT_PRODUCTS_DIR; };
		954AA7AAC5512AFE0D85B750 /* Pods-Posterr-PosterrUITests.debug.xcconfig */ = {isa = PBXFileReference; includeInIndex = 1; lastKnownFileType = text.xcconfig; name = "Pods-Posterr-PosterrUITests.debug.xcconfig"; path = "Target Support Files/Pods-Posterr-PosterrUITests/Pods-Posterr-PosterrUITests.debug.xcconfig"; sourceTree = "<group>"; };
		AC736BEB9CB33B014895516E /* Pods_Posterr_PosterrUITests.framework */ = {isa = PBXFileReference; explicitFileType = wrapper.framework; includeInIndex = 0; path = Pods_Posterr_PosterrUITests.framework; sourceTree = BUILT_PRODUCTS_DIR; };
		BEEC9FA909C02CC3A20F56BA /* Pods-PosterrTests.debug.xcconfig */ = {isa = PBXFileReference; includeInIndex = 1; lastKnownFileType = text.xcconfig; name = "Pods-PosterrTests.debug.xcconfig"; path = "Target Support Files/Pods-PosterrTests/Pods-PosterrTests.debug.xcconfig"; sourceTree = "<group>"; };
		E5ECC2161D318AD65FB77489 /* Pods-PosterrTests.release.xcconfig */ = {isa = PBXFileReference; includeInIndex = 1; lastKnownFileType = text.xcconfig; name = "Pods-PosterrTests.release.xcconfig"; path = "Target Support Files/Pods-PosterrTests/Pods-PosterrTests.release.xcconfig"; sourceTree = "<group>"; };
/* End PBXFileReference section */

/* Begin PBXFrameworksBuildPhase section */
		156A6FA62899F70A003F75AE /* Frameworks */ = {
			isa = PBXFrameworksBuildPhase;
			buildActionMask = 2147483647;
			files = (
				155AE4EA289B00B600D18F6B /* SnapKit in Frameworks */,
				FB5B831A5C5722B02B067406 /* Pods_Posterr.framework in Frameworks */,
			);
			runOnlyForDeploymentPostprocessing = 0;
		};
		156A6FBC2899F70C003F75AE /* Frameworks */ = {
			isa = PBXFrameworksBuildPhase;
			buildActionMask = 2147483647;
			files = (
				31C63398FABE7D9BAE7B9E22 /* Pods_PosterrTests.framework in Frameworks */,
			);
			runOnlyForDeploymentPostprocessing = 0;
		};
		156A6FC62899F70C003F75AE /* Frameworks */ = {
			isa = PBXFrameworksBuildPhase;
			buildActionMask = 2147483647;
			files = (
				A52B6294DD066D7274DD89E2 /* Pods_Posterr_PosterrUITests.framework in Frameworks */,
			);
			runOnlyForDeploymentPostprocessing = 0;
		};
/* End PBXFrameworksBuildPhase section */

/* Begin PBXGroup section */
		155AE4EB289B04E200D18F6B /* Presenter */ = {
			isa = PBXGroup;
			children = (
				155AE4EC289B04FC00D18F6B /* FeedPresenter.swift */,
			);
			path = Presenter;
			sourceTree = "<group>";
		};
		155AE4EE289B051200D18F6B /* Types */ = {
			isa = PBXGroup;
			children = (
				156B5F33289EFAE900BB8795 /* PostType.swift */,
				155AE4EF289B052B00D18F6B /* Feed+Protocols.swift */,
			);
			path = Types;
			sourceTree = "<group>";
		};
		155AE4F1289B05BF00D18F6B /* Shared */ = {
			isa = PBXGroup;
			children = (
				155BD3AE289C4D820030B27A /* Extensions */,
				155BD3AF289C4D900030B27A /* Protocols */,
			);
			path = Shared;
			sourceTree = "<group>";
		};
		155AE4FE289B2D2500D18F6B /* Controller */ = {
			isa = PBXGroup;
			children = (
				155AE4FF289B2D3B00D18F6B /* Views */,
				1581D7732899FE60009C6593 /* UserProfileViewController.swift */,
			);
			path = Controller;
			sourceTree = "<group>";
		};
		155AE4FF289B2D3B00D18F6B /* Views */ = {
			isa = PBXGroup;
			children = (
				155AE500289B2D4E00D18F6B /* UserProfileView.swift */,
				155AE502289B2E8900D18F6B /* UserInfoView.swift */,
				155AE504289B312000D18F6B /* PostCountView.swift */,
			);
			path = Views;
			sourceTree = "<group>";
		};
		155BD3AE289C4D820030B27A /* Extensions */ = {
			isa = PBXGroup;
			children = (
				155BD3B1289C4DC30030B27A /* UIView+Convenience.swift */,
				155BD3BA289C86110030B27A /* Array+Safety.swift */,
				155A66DF289E0E9F001A17AC /* UITextView+Convenience.swift */,
				155A66E1289E10B3001A17AC /* String+Validation.swift */,
				156B5F30289EF1AE00BB8795 /* UIViewController+Alert.swift */,
				15CF31F328A03AAF00314BB5 /* Date+Format.swift */,
				1503DC7C28A1D36D00510D3F /* UIStackView+Convenience.swift */,
				1503DC8028A1EE4F00510D3F /* UIImage+Convenience.swift */,
				15E9B91228A2006500C0F444 /* Typealiases.swift */,
			);
			path = Extensions;
			sourceTree = "<group>";
		};
		155BD3AF289C4D900030B27A /* Protocols */ = {
			isa = PBXGroup;
			children = (
				1581D77A289A0DE4009C6593 /* CodableView.swift */,
			);
			path = Protocols;
			sourceTree = "<group>";
		};
		155BD3BC289C881F0030B27A /* Interactor */ = {
			isa = PBXGroup;
			children = (
				155BD3BD289C883A0030B27A /* FeedInteractor.swift */,
			);
			path = Interactor;
			sourceTree = "<group>";
		};
		156A6FA02899F70A003F75AE = {
			isa = PBXGroup;
			children = (
				156A6FAB2899F70A003F75AE /* Posterr */,
				156A6FC22899F70C003F75AE /* PosterrTests */,
				156A6FCC2899F70C003F75AE /* PosterrUITests */,
				156A6FAA2899F70A003F75AE /* Products */,
				7A54428C6DAD479F5DF1D07E /* Pods */,
				68E6C44989A5BD67EAC6CBD5 /* Frameworks */,
			);
			sourceTree = "<group>";
		};
		156A6FAA2899F70A003F75AE /* Products */ = {
			isa = PBXGroup;
			children = (
				156A6FA92899F70A003F75AE /* Posterr.app */,
				156A6FBF2899F70C003F75AE /* PosterrTests.xctest */,
				156A6FC92899F70C003F75AE /* PosterrUITests.xctest */,
			);
			name = Products;
			sourceTree = "<group>";
		};
		156A6FAB2899F70A003F75AE /* Posterr */ = {
			isa = PBXGroup;
			children = (
				15E9B91828A202AF00C0F444 /* R.generated.swift */,
				1581D76B2899FC18009C6593 /* Base */,
				15C0B261289DE143007C54B8 /* DataSource */,
				1581D7692899FB55009C6593 /* Modules */,
				15E9B90B28A1F76500C0F444 /* Resources */,
				155AE4F1289B05BF00D18F6B /* Shared */,
				156A6FBA2899F70B003F75AE /* Info.plist */,
			);
			path = Posterr;
			sourceTree = "<group>";
		};
		156A6FC22899F70C003F75AE /* PosterrTests */ = {
			isa = PBXGroup;
			children = (
				15C41A2A28A348D100F2213A /* Modules */,
				1587787B28A45496006B3B01 /* TestHelpers */,
			);
			path = PosterrTests;
			sourceTree = "<group>";
		};
		156A6FCC2899F70C003F75AE /* PosterrUITests */ = {
			isa = PBXGroup;
			children = (
				156A6FCD2899F70C003F75AE /* PosterrUITests.swift */,
				156A6FCF2899F70C003F75AE /* PosterrUITestsLaunchTests.swift */,
			);
			path = PosterrUITests;
			sourceTree = "<group>";
		};
		156B5F37289F03C800BB8795 /* Cells */ = {
			isa = PBXGroup;
			children = (
				155AE4F9289B123C00D18F6B /* PostTableViewCell.swift */,
				156B5F38289F03DB00BB8795 /* RepostTableViewCell.swift */,
				1592931E289F5D1C00AB9F16 /* QuoteTableViewCell.swift */,
			);
			path = Cells;
			sourceTree = "<group>";
		};
		1576E88428A0424500F26BBA /* Types */ = {
			isa = PBXGroup;
			children = (
				1576E88528A0425F00F26BBA /* DataSource+Protocols.swift */,
				1576E88728A0520C00F26BBA /* DataSource+Enums.swift */,
			);
			path = Types;
			sourceTree = "<group>";
		};
		1576E88928A056EB00F26BBA /* Extensions */ = {
			isa = PBXGroup;
			children = (
				1576E88B28A0571800F26BBA /* NSFetchRequest + Extensions.swift */,
			);
			path = Extensions;
			sourceTree = "<group>";
		};
		1581D7692899FB55009C6593 /* Modules */ = {
			isa = PBXGroup;
			children = (
				1581D76A2899FB66009C6593 /* Application */,
				1581D76F2899FE04009C6593 /* Feed */,
				1581D7702899FE0C009C6593 /* UserProfile */,
			);
			path = Modules;
			sourceTree = "<group>";
		};
		1581D76A2899FB66009C6593 /* Application */ = {
			isa = PBXGroup;
			children = (
				15C0B262289DE40A007C54B8 /* Controller */,
				15C0B269289DE64B007C54B8 /* Interactor */,
				15C0B266289DE5A0007C54B8 /* Presenter */,
				15E9B91C28A204D300C0F444 /* Router */,
				15C0B263289DE427007C54B8 /* Types */,
			);
			path = Application;
			sourceTree = "<group>";
		};
		1581D76B2899FC18009C6593 /* Base */ = {
			isa = PBXGroup;
			children = (
				1581D76C2899FC87009C6593 /* LaunchScreen */,
				156A6FAC2899F70A003F75AE /* AppDelegate.swift */,
				156A6FAE2899F70A003F75AE /* SceneDelegate.swift */,
			);
			path = Base;
			sourceTree = "<group>";
		};
		1581D76C2899FC87009C6593 /* LaunchScreen */ = {
			isa = PBXGroup;
			children = (
				156A6FB72899F70B003F75AE /* LaunchScreen.storyboard */,
			);
			path = LaunchScreen;
			sourceTree = "<group>";
		};
		1581D76F2899FE04009C6593 /* Feed */ = {
			isa = PBXGroup;
			children = (
				1581D775289A0C73009C6593 /* Controller */,
				155BD3BC289C881F0030B27A /* Interactor */,
				155AE4EB289B04E200D18F6B /* Presenter */,
				15E9B91F28A2057300C0F444 /* Router */,
				155AE4EE289B051200D18F6B /* Types */,
			);
			path = Feed;
			sourceTree = "<group>";
		};
		1581D7702899FE0C009C6593 /* UserProfile */ = {
			isa = PBXGroup;
			children = (
				155AE4FE289B2D2500D18F6B /* Controller */,
				15F7973D28A326A8006066E4 /* Interactor */,
				15F7973A28A325BE006066E4 /* Presenter */,
				15F7973628A3231B006066E4 /* Types */,
				15E9B92228A2067E00C0F444 /* Router */,
			);
			path = UserProfile;
			sourceTree = "<group>";
		};
		1581D775289A0C73009C6593 /* Controller */ = {
			isa = PBXGroup;
			children = (
				1581D776289A0C7F009C6593 /* Views */,
				1581D7712899FE4F009C6593 /* FeedViewController.swift */,
			);
			path = Controller;
			sourceTree = "<group>";
		};
		1581D776289A0C7F009C6593 /* Views */ = {
			isa = PBXGroup;
			children = (
				156B5F37289F03C800BB8795 /* Cells */,
				1581D777289A0DB7009C6593 /* FeedView.swift */,
				155AE506289B4A6A00D18F6B /* PostCreationView.swift */,
				156B5F2E289EE49700BB8795 /* PostMessageView.swift */,
				156B5F35289F007F00BB8795 /* PostReplyMenu.swift */,
			);
			path = Views;
			sourceTree = "<group>";
		};
		1587787B28A45496006B3B01 /* TestHelpers */ = {
			isa = PBXGroup;
			children = (
				15C41A3528A34B3A00F2213A /* UserDummy.swift */,
				1587788228A45DF0006B3B01 /* PostDummy.swift */,
				1587788F28A46D05006B3B01 /* AppDataSourceStub.swift */,
			);
			path = TestHelpers;
			sourceTree = "<group>";
		};
		1587788828A466B9006B3B01 /* TestDoubles */ = {
			isa = PBXGroup;
			children = (
				1587788928A466C5006B3B01 /* Spy */,
				1587789C28A48049006B3B01 /* Stub */,
			);
			path = TestDoubles;
			sourceTree = "<group>";
		};
		1587788928A466C5006B3B01 /* Spy */ = {
			isa = PBXGroup;
			children = (
				1587788428A463E8006B3B01 /* FeedInteractorSpy.swift */,
				1587788A28A466DD006B3B01 /* UserProfilePresenterSpy.swift */,
				1587788C28A467CA006B3B01 /* UserProfileViewSpy.swift */,
				1587789328A47052006B3B01 /* UserProfileInteractorOutputSpy.swift */,
				1587789828A47A8E006B3B01 /* UserProfileInteractorSpy.swift */,
				1587789A28A47B50006B3B01 /* UserProfileViewProtocolSpy.swift */,
			);
			path = Spy;
			sourceTree = "<group>";
		};
		1587788E28A46CA9006B3B01 /* Interactor */ = {
			isa = PBXGroup;
			children = (
				1587789128A46EEF006B3B01 /* UserProfileInteractorTestCase.swift */,
			);
			path = Interactor;
			sourceTree = "<group>";
		};
		1587789528A4792C006B3B01 /* Presenter */ = {
			isa = PBXGroup;
			children = (
				1587789628A47966006B3B01 /* UserProfilePresenterTestCase.swift */,
			);
			path = Presenter;
			sourceTree = "<group>";
		};
		1587789C28A48049006B3B01 /* Stub */ = {
			isa = PBXGroup;
			children = (
				1587788028A459D0006B3B01 /* FeedInteractorStub.swift */,
				1587787C28A454D5006B3B01 /* FeedRouterStub.swift */,
			);
			path = Stub;
			sourceTree = "<group>";
		};
		1587789D28A4809B006B3B01 /* Feed */ = {
			isa = PBXGroup;
			children = (
				1587789E28A480BD006B3B01 /* Controller */,
				158778A328A4831B006B3B01 /* TestDoubles */,
			);
			path = Feed;
			sourceTree = "<group>";
		};
		1587789E28A480BD006B3B01 /* Controller */ = {
			isa = PBXGroup;
			children = (
				1587789F28A480C6006B3B01 /* Views */,
			);
			path = Controller;
			sourceTree = "<group>";
		};
		1587789F28A480C6006B3B01 /* Views */ = {
			isa = PBXGroup;
			children = (
				158778A028A480CB006B3B01 /* Cells */,
				158778AB28A48BB7006B3B01 /* PostReplyMenuTestCase.swift */,
			);
			path = Views;
			sourceTree = "<group>";
		};
		158778A028A480CB006B3B01 /* Cells */ = {
			isa = PBXGroup;
			children = (
				158778A128A480E6006B3B01 /* PostTableViewCellTestCase.swift */,
				158778A728A48785006B3B01 /* RepostTableViewCellTestCase.swift */,
				158778A928A4892D006B3B01 /* QuoteTableViewCellTestCase.swift */,
			);
			path = Cells;
			sourceTree = "<group>";
		};
		158778A328A4831B006B3B01 /* TestDoubles */ = {
			isa = PBXGroup;
			children = (
				158778A428A48330006B3B01 /* Spy */,
			);
			path = TestDoubles;
			sourceTree = "<group>";
		};
		158778A428A48330006B3B01 /* Spy */ = {
			isa = PBXGroup;
			children = (
				158778A528A48341006B3B01 /* PostTableViewCellDelegateSpy.swift */,
				158778AD28A48D29006B3B01 /* PostReplyMenuDelegateSpy.swift */,
			);
			path = Spy;
			sourceTree = "<group>";
		};
		158E320228A3178600A17E86 /* Models */ = {
			isa = PBXGroup;
			children = (
				158E320328A3179900A17E86 /* User.swift */,
				15F7974228A33C1E006066E4 /* Post.swift */,
			);
			path = Models;
			sourceTree = "<group>";
		};
		15C0B261289DE143007C54B8 /* DataSource */ = {
			isa = PBXGroup;
			children = (
				158E320228A3178600A17E86 /* Models */,
				1576E88928A056EB00F26BBA /* Extensions */,
				1576E88428A0424500F26BBA /* Types */,
				15E28809289DA68800905E1A /* DataManager.swift */,
				15419253289D998D005B907A /* Posterr.xcdatamodeld */,
			);
			path = DataSource;
			sourceTree = "<group>";
		};
		15C0B262289DE40A007C54B8 /* Controller */ = {
			isa = PBXGroup;
			children = (
				1581D76D2899FCB5009C6593 /* ApplicationTabBarController.swift */,
			);
			path = Controller;
			sourceTree = "<group>";
		};
		15C0B263289DE427007C54B8 /* Types */ = {
			isa = PBXGroup;
			children = (
				15C0B264289DE43F007C54B8 /* Application+Protocols.swift */,
			);
			path = Types;
			sourceTree = "<group>";
		};
		15C0B266289DE5A0007C54B8 /* Presenter */ = {
			isa = PBXGroup;
			children = (
				15C0B267289DE5C4007C54B8 /* ApplicationPresenter.swift */,
			);
			path = Presenter;
			sourceTree = "<group>";
		};
		15C0B269289DE64B007C54B8 /* Interactor */ = {
			isa = PBXGroup;
			children = (
				15C0B26A289DE65E007C54B8 /* ApplicationInteractor.swift */,
			);
			path = Interactor;
			sourceTree = "<group>";
		};
		15C41A2A28A348D100F2213A /* Modules */ = {
			isa = PBXGroup;
			children = (
				1587789D28A4809B006B3B01 /* Feed */,
				15C41A2B28A348E000F2213A /* UserProfile */,
			);
			path = Modules;
			sourceTree = "<group>";
		};
		15C41A2B28A348E000F2213A /* UserProfile */ = {
			isa = PBXGroup;
			children = (
				15C41A2C28A348EC00F2213A /* Controller */,
				1587788E28A46CA9006B3B01 /* Interactor */,
				1587789528A4792C006B3B01 /* Presenter */,
				1587788828A466B9006B3B01 /* TestDoubles */,
			);
			path = UserProfile;
			sourceTree = "<group>";
		};
		15C41A2C28A348EC00F2213A /* Controller */ = {
			isa = PBXGroup;
			children = (
				15C41A2D28A348F600F2213A /* Views */,
				1587788628A46514006B3B01 /* UserProfileViewControllerTestCase.swift */,
			);
			path = Controller;
			sourceTree = "<group>";
		};
		15C41A2D28A348F600F2213A /* Views */ = {
			isa = PBXGroup;
			children = (
				15C41A3128A34A8E00F2213A /* PostCountViewTestCase.swift */,
				15C41A3828A3533700F2213A /* UserInfoViewTestCase.swift */,
				1587787928A45179006B3B01 /* UserProfileViewTestCase.swift */,
			);
			path = Views;
			sourceTree = "<group>";
		};
		15E9B90B28A1F76500C0F444 /* Resources */ = {
			isa = PBXGroup;
			children = (
				156A6FB52899F70B003F75AE /* Assets.xcassets */,
				15E9B90E28A1F99700C0F444 /* Localizable.strings */,
				15E9B91628A2026D00C0F444 /* SystemIcons.strings */,
			);
			path = Resources;
			sourceTree = "<group>";
		};
		15E9B91C28A204D300C0F444 /* Router */ = {
			isa = PBXGroup;
			children = (
				15E9B91D28A204EF00C0F444 /* ApplicationRouter.swift */,
			);
			path = Router;
			sourceTree = "<group>";
		};
		15E9B91F28A2057300C0F444 /* Router */ = {
			isa = PBXGroup;
			children = (
				15E9B92028A205CC00C0F444 /* FeedRouter.swift */,
			);
			path = Router;
			sourceTree = "<group>";
		};
		15E9B92228A2067E00C0F444 /* Router */ = {
			isa = PBXGroup;
			children = (
				15E9B92328A2069700C0F444 /* UserProfileRouter.swift */,
			);
			path = Router;
			sourceTree = "<group>";
		};
		15F7973628A3231B006066E4 /* Types */ = {
			isa = PBXGroup;
			children = (
				15F7973728A32357006066E4 /* UserProfile+Protocols.swift */,
			);
			path = Types;
			sourceTree = "<group>";
		};
		15F7973A28A325BE006066E4 /* Presenter */ = {
			isa = PBXGroup;
			children = (
				15F7973B28A325D1006066E4 /* UserProfilePresenter.swift */,
			);
			path = Presenter;
			sourceTree = "<group>";
		};
		15F7973D28A326A8006066E4 /* Interactor */ = {
			isa = PBXGroup;
			children = (
				15F7973E28A326BE006066E4 /* UserProfileInteractor.swift */,
			);
			path = Interactor;
			sourceTree = "<group>";
		};
		68E6C44989A5BD67EAC6CBD5 /* Frameworks */ = {
			isa = PBXGroup;
			children = (
				284319B73AE17F3E2A7EAA6C /* Pods_Posterr.framework */,
				AC736BEB9CB33B014895516E /* Pods_Posterr_PosterrUITests.framework */,
				94B92FC237162CA7C189F065 /* Pods_PosterrTests.framework */,
			);
			name = Frameworks;
			sourceTree = "<group>";
		};
		7A54428C6DAD479F5DF1D07E /* Pods */ = {
			isa = PBXGroup;
			children = (
				82A543EFF94694D2CCF6F43B /* Pods-Posterr.debug.xcconfig */,
				654C689D38F961310215FA8A /* Pods-Posterr.release.xcconfig */,
				954AA7AAC5512AFE0D85B750 /* Pods-Posterr-PosterrUITests.debug.xcconfig */,
				9320D403AB66537D69BD2812 /* Pods-Posterr-PosterrUITests.release.xcconfig */,
				BEEC9FA909C02CC3A20F56BA /* Pods-PosterrTests.debug.xcconfig */,
				E5ECC2161D318AD65FB77489 /* Pods-PosterrTests.release.xcconfig */,
			);
			path = Pods;
			sourceTree = "<group>";
		};
/* End PBXGroup section */

/* Begin PBXNativeTarget section */
		156A6FA82899F70A003F75AE /* Posterr */ = {
			isa = PBXNativeTarget;
			buildConfigurationList = 156A6FD32899F70C003F75AE /* Build configuration list for PBXNativeTarget "Posterr" */;
			buildPhases = (
				AF9B5EA9930A249979AD3FA0 /* [CP] Check Pods Manifest.lock */,
				15E9B90A28A1F6EF00C0F444 /* R.swift */,
				156A6FA52899F70A003F75AE /* Sources */,
				156A6FA62899F70A003F75AE /* Frameworks */,
				156A6FA72899F70A003F75AE /* Resources */,
				2C34A4A28A70C8A799C05E31 /* [CP] Embed Pods Frameworks */,
			);
			buildRules = (
			);
			dependencies = (
			);
			name = Posterr;
			packageProductDependencies = (
				155AE4E9289B00B600D18F6B /* SnapKit */,
			);
			productName = Posterr;
			productReference = 156A6FA92899F70A003F75AE /* Posterr.app */;
			productType = "com.apple.product-type.application";
		};
		156A6FBE2899F70C003F75AE /* PosterrTests */ = {
			isa = PBXNativeTarget;
			buildConfigurationList = 156A6FD62899F70C003F75AE /* Build configuration list for PBXNativeTarget "PosterrTests" */;
			buildPhases = (
				B3CFBC0980A6336B6C360483 /* [CP] Check Pods Manifest.lock */,
				156A6FBB2899F70C003F75AE /* Sources */,
				156A6FBC2899F70C003F75AE /* Frameworks */,
				156A6FBD2899F70C003F75AE /* Resources */,
				E4A1B387546BBD6AE8F11400 /* [CP] Embed Pods Frameworks */,
			);
			buildRules = (
			);
			dependencies = (
				156A6FC12899F70C003F75AE /* PBXTargetDependency */,
			);
			name = PosterrTests;
			productName = PosterrTests;
			productReference = 156A6FBF2899F70C003F75AE /* PosterrTests.xctest */;
			productType = "com.apple.product-type.bundle.unit-test";
		};
		156A6FC82899F70C003F75AE /* PosterrUITests */ = {
			isa = PBXNativeTarget;
			buildConfigurationList = 156A6FD92899F70C003F75AE /* Build configuration list for PBXNativeTarget "PosterrUITests" */;
			buildPhases = (
				1AD460F400E1C493FC0DDC4E /* [CP] Check Pods Manifest.lock */,
				156A6FC52899F70C003F75AE /* Sources */,
				156A6FC62899F70C003F75AE /* Frameworks */,
				156A6FC72899F70C003F75AE /* Resources */,
				0C5B9CEF7E08EF4339B8AA61 /* [CP] Embed Pods Frameworks */,
			);
			buildRules = (
			);
			dependencies = (
				156A6FCB2899F70C003F75AE /* PBXTargetDependency */,
			);
			name = PosterrUITests;
			productName = PosterrUITests;
			productReference = 156A6FC92899F70C003F75AE /* PosterrUITests.xctest */;
			productType = "com.apple.product-type.bundle.ui-testing";
		};
/* End PBXNativeTarget section */

/* Begin PBXProject section */
		156A6FA12899F70A003F75AE /* Project object */ = {
			isa = PBXProject;
			attributes = {
				BuildIndependentTargetsInParallel = 1;
				LastSwiftUpdateCheck = 1340;
				LastUpgradeCheck = 1340;
				TargetAttributes = {
					156A6FA82899F70A003F75AE = {
						CreatedOnToolsVersion = 13.4.1;
					};
					156A6FBE2899F70C003F75AE = {
						CreatedOnToolsVersion = 13.4.1;
						TestTargetID = 156A6FA82899F70A003F75AE;
					};
					156A6FC82899F70C003F75AE = {
						CreatedOnToolsVersion = 13.4.1;
						TestTargetID = 156A6FA82899F70A003F75AE;
					};
				};
			};
			buildConfigurationList = 156A6FA42899F70A003F75AE /* Build configuration list for PBXProject "Posterr" */;
			compatibilityVersion = "Xcode 13.0";
			developmentRegion = en;
			hasScannedForEncodings = 0;
			knownRegions = (
				en,
				Base,
			);
			mainGroup = 156A6FA02899F70A003F75AE;
			packageReferences = (
				155AE4E8289B00B600D18F6B /* XCRemoteSwiftPackageReference "SnapKit" */,
			);
			productRefGroup = 156A6FAA2899F70A003F75AE /* Products */;
			projectDirPath = "";
			projectRoot = "";
			targets = (
				156A6FA82899F70A003F75AE /* Posterr */,
				156A6FBE2899F70C003F75AE /* PosterrTests */,
				156A6FC82899F70C003F75AE /* PosterrUITests */,
			);
		};
/* End PBXProject section */

/* Begin PBXResourcesBuildPhase section */
		156A6FA72899F70A003F75AE /* Resources */ = {
			isa = PBXResourcesBuildPhase;
			buildActionMask = 2147483647;
			files = (
				15E9B91728A2026D00C0F444 /* SystemIcons.strings in Resources */,
				156A6FB92899F70B003F75AE /* LaunchScreen.storyboard in Resources */,
				15E9B90F28A1F99700C0F444 /* Localizable.strings in Resources */,
				156A6FB62899F70B003F75AE /* Assets.xcassets in Resources */,
			);
			runOnlyForDeploymentPostprocessing = 0;
		};
		156A6FBD2899F70C003F75AE /* Resources */ = {
			isa = PBXResourcesBuildPhase;
			buildActionMask = 2147483647;
			files = (
			);
			runOnlyForDeploymentPostprocessing = 0;
		};
		156A6FC72899F70C003F75AE /* Resources */ = {
			isa = PBXResourcesBuildPhase;
			buildActionMask = 2147483647;
			files = (
			);
			runOnlyForDeploymentPostprocessing = 0;
		};
/* End PBXResourcesBuildPhase section */

/* Begin PBXShellScriptBuildPhase section */
		0C5B9CEF7E08EF4339B8AA61 /* [CP] Embed Pods Frameworks */ = {
			isa = PBXShellScriptBuildPhase;
			buildActionMask = 2147483647;
			files = (
			);
			inputFileListPaths = (
				"${PODS_ROOT}/Target Support Files/Pods-Posterr-PosterrUITests/Pods-Posterr-PosterrUITests-frameworks-${CONFIGURATION}-input-files.xcfilelist",
			);
			name = "[CP] Embed Pods Frameworks";
			outputFileListPaths = (
				"${PODS_ROOT}/Target Support Files/Pods-Posterr-PosterrUITests/Pods-Posterr-PosterrUITests-frameworks-${CONFIGURATION}-output-files.xcfilelist",
			);
			runOnlyForDeploymentPostprocessing = 0;
			shellPath = /bin/sh;
			shellScript = "\"${PODS_ROOT}/Target Support Files/Pods-Posterr-PosterrUITests/Pods-Posterr-PosterrUITests-frameworks.sh\"\n";
			showEnvVarsInLog = 0;
		};
		15E9B90A28A1F6EF00C0F444 /* R.swift */ = {
			isa = PBXShellScriptBuildPhase;
			alwaysOutOfDate = 1;
			buildActionMask = 2147483647;
			files = (
			);
			inputFileListPaths = (
			);
			inputPaths = (
			);
			name = R.swift;
			outputFileListPaths = (
			);
			outputPaths = (
			);
			runOnlyForDeploymentPostprocessing = 0;
			shellPath = /bin/sh;
			shellScript = "\"$PODS_ROOT/R.swift/rswift\" generate \"$SRCROOT/R.generated.swift\"\n";
		};
		1AD460F400E1C493FC0DDC4E /* [CP] Check Pods Manifest.lock */ = {
			isa = PBXShellScriptBuildPhase;
			buildActionMask = 2147483647;
			files = (
			);
			inputFileListPaths = (
			);
			inputPaths = (
				"${PODS_PODFILE_DIR_PATH}/Podfile.lock",
				"${PODS_ROOT}/Manifest.lock",
			);
			name = "[CP] Check Pods Manifest.lock";
			outputFileListPaths = (
			);
			outputPaths = (
				"$(DERIVED_FILE_DIR)/Pods-Posterr-PosterrUITests-checkManifestLockResult.txt",
			);
			runOnlyForDeploymentPostprocessing = 0;
			shellPath = /bin/sh;
			shellScript = "diff \"${PODS_PODFILE_DIR_PATH}/Podfile.lock\" \"${PODS_ROOT}/Manifest.lock\" > /dev/null\nif [ $? != 0 ] ; then\n    # print error to STDERR\n    echo \"error: The sandbox is not in sync with the Podfile.lock. Run 'pod install' or update your CocoaPods installation.\" >&2\n    exit 1\nfi\n# This output is used by Xcode 'outputs' to avoid re-running this script phase.\necho \"SUCCESS\" > \"${SCRIPT_OUTPUT_FILE_0}\"\n";
			showEnvVarsInLog = 0;
		};
		2C34A4A28A70C8A799C05E31 /* [CP] Embed Pods Frameworks */ = {
			isa = PBXShellScriptBuildPhase;
			buildActionMask = 2147483647;
			files = (
			);
			inputFileListPaths = (
				"${PODS_ROOT}/Target Support Files/Pods-Posterr/Pods-Posterr-frameworks-${CONFIGURATION}-input-files.xcfilelist",
			);
			name = "[CP] Embed Pods Frameworks";
			outputFileListPaths = (
				"${PODS_ROOT}/Target Support Files/Pods-Posterr/Pods-Posterr-frameworks-${CONFIGURATION}-output-files.xcfilelist",
			);
			runOnlyForDeploymentPostprocessing = 0;
			shellPath = /bin/sh;
			shellScript = "\"${PODS_ROOT}/Target Support Files/Pods-Posterr/Pods-Posterr-frameworks.sh\"\n";
			showEnvVarsInLog = 0;
		};
		AF9B5EA9930A249979AD3FA0 /* [CP] Check Pods Manifest.lock */ = {
			isa = PBXShellScriptBuildPhase;
			buildActionMask = 2147483647;
			files = (
			);
			inputFileListPaths = (
			);
			inputPaths = (
				"${PODS_PODFILE_DIR_PATH}/Podfile.lock",
				"${PODS_ROOT}/Manifest.lock",
			);
			name = "[CP] Check Pods Manifest.lock";
			outputFileListPaths = (
			);
			outputPaths = (
				"$(DERIVED_FILE_DIR)/Pods-Posterr-checkManifestLockResult.txt",
			);
			runOnlyForDeploymentPostprocessing = 0;
			shellPath = /bin/sh;
			shellScript = "diff \"${PODS_PODFILE_DIR_PATH}/Podfile.lock\" \"${PODS_ROOT}/Manifest.lock\" > /dev/null\nif [ $? != 0 ] ; then\n    # print error to STDERR\n    echo \"error: The sandbox is not in sync with the Podfile.lock. Run 'pod install' or update your CocoaPods installation.\" >&2\n    exit 1\nfi\n# This output is used by Xcode 'outputs' to avoid re-running this script phase.\necho \"SUCCESS\" > \"${SCRIPT_OUTPUT_FILE_0}\"\n";
			showEnvVarsInLog = 0;
		};
		B3CFBC0980A6336B6C360483 /* [CP] Check Pods Manifest.lock */ = {
			isa = PBXShellScriptBuildPhase;
			buildActionMask = 2147483647;
			files = (
			);
			inputFileListPaths = (
			);
			inputPaths = (
				"${PODS_PODFILE_DIR_PATH}/Podfile.lock",
				"${PODS_ROOT}/Manifest.lock",
			);
			name = "[CP] Check Pods Manifest.lock";
			outputFileListPaths = (
			);
			outputPaths = (
				"$(DERIVED_FILE_DIR)/Pods-PosterrTests-checkManifestLockResult.txt",
			);
			runOnlyForDeploymentPostprocessing = 0;
			shellPath = /bin/sh;
			shellScript = "diff \"${PODS_PODFILE_DIR_PATH}/Podfile.lock\" \"${PODS_ROOT}/Manifest.lock\" > /dev/null\nif [ $? != 0 ] ; then\n    # print error to STDERR\n    echo \"error: The sandbox is not in sync with the Podfile.lock. Run 'pod install' or update your CocoaPods installation.\" >&2\n    exit 1\nfi\n# This output is used by Xcode 'outputs' to avoid re-running this script phase.\necho \"SUCCESS\" > \"${SCRIPT_OUTPUT_FILE_0}\"\n";
			showEnvVarsInLog = 0;
		};
		E4A1B387546BBD6AE8F11400 /* [CP] Embed Pods Frameworks */ = {
			isa = PBXShellScriptBuildPhase;
			buildActionMask = 2147483647;
			files = (
			);
			inputFileListPaths = (
				"${PODS_ROOT}/Target Support Files/Pods-PosterrTests/Pods-PosterrTests-frameworks-${CONFIGURATION}-input-files.xcfilelist",
			);
			name = "[CP] Embed Pods Frameworks";
			outputFileListPaths = (
				"${PODS_ROOT}/Target Support Files/Pods-PosterrTests/Pods-PosterrTests-frameworks-${CONFIGURATION}-output-files.xcfilelist",
			);
			runOnlyForDeploymentPostprocessing = 0;
			shellPath = /bin/sh;
			shellScript = "\"${PODS_ROOT}/Target Support Files/Pods-PosterrTests/Pods-PosterrTests-frameworks.sh\"\n";
			showEnvVarsInLog = 0;
		};
/* End PBXShellScriptBuildPhase section */

/* Begin PBXSourcesBuildPhase section */
		156A6FA52899F70A003F75AE /* Sources */ = {
			isa = PBXSourcesBuildPhase;
			buildActionMask = 2147483647;
			files = (
				155AE4F0289B052B00D18F6B /* Feed+Protocols.swift in Sources */,
				1576E88C28A0571800F26BBA /* NSFetchRequest + Extensions.swift in Sources */,
				156B5F36289F007F00BB8795 /* PostReplyMenu.swift in Sources */,
				1581D77B289A0DE4009C6593 /* CodableView.swift in Sources */,
				156B5F31289EF1AE00BB8795 /* UIViewController+Alert.swift in Sources */,
				1576E88628A0425F00F26BBA /* DataSource+Protocols.swift in Sources */,
				15419255289D998D005B907A /* Posterr.xcdatamodeld in Sources */,
				1581D76E2899FCB5009C6593 /* ApplicationTabBarController.swift in Sources */,
				156B5F2F289EE49700BB8795 /* PostMessageView.swift in Sources */,
				155AE4ED289B04FC00D18F6B /* FeedPresenter.swift in Sources */,
				1581D7742899FE60009C6593 /* UserProfileViewController.swift in Sources */,
				15CF31F428A03AAF00314BB5 /* Date+Format.swift in Sources */,
				156B5F39289F03DB00BB8795 /* RepostTableViewCell.swift in Sources */,
				155BD3BE289C883A0030B27A /* FeedInteractor.swift in Sources */,
				156A6FAD2899F70A003F75AE /* AppDelegate.swift in Sources */,
				1503DC8128A1EE4F00510D3F /* UIImage+Convenience.swift in Sources */,
				15E9B91E28A204EF00C0F444 /* ApplicationRouter.swift in Sources */,
				15C0B268289DE5C4007C54B8 /* ApplicationPresenter.swift in Sources */,
				155AE501289B2D4E00D18F6B /* UserProfileView.swift in Sources */,
				155A66E0289E0E9F001A17AC /* UITextView+Convenience.swift in Sources */,
				15E2880A289DA68800905E1A /* DataManager.swift in Sources */,
				155A66E2289E10B3001A17AC /* String+Validation.swift in Sources */,
				15F7973828A32357006066E4 /* UserProfile+Protocols.swift in Sources */,
				15E9B91328A2006500C0F444 /* Typealiases.swift in Sources */,
				15C0B26B289DE65E007C54B8 /* ApplicationInteractor.swift in Sources */,
				1592931F289F5D1C00AB9F16 /* QuoteTableViewCell.swift in Sources */,
				155AE505289B312000D18F6B /* PostCountView.swift in Sources */,
				158E320428A3179900A17E86 /* User.swift in Sources */,
				15E9B91928A202AF00C0F444 /* R.generated.swift in Sources */,
				1581D7722899FE4F009C6593 /* FeedViewController.swift in Sources */,
				15E9B92428A2069700C0F444 /* UserProfileRouter.swift in Sources */,
				155AE503289B2E8900D18F6B /* UserInfoView.swift in Sources */,
				155BD3BB289C86110030B27A /* Array+Safety.swift in Sources */,
				15F7973C28A325D1006066E4 /* UserProfilePresenter.swift in Sources */,
				15C0B265289DE43F007C54B8 /* Application+Protocols.swift in Sources */,
				15F7974328A33C1E006066E4 /* Post.swift in Sources */,
				156B5F34289EFAE900BB8795 /* PostType.swift in Sources */,
				15E9B92128A205CC00C0F444 /* FeedRouter.swift in Sources */,
				15F7973F28A326BE006066E4 /* UserProfileInteractor.swift in Sources */,
				1581D778289A0DB7009C6593 /* FeedView.swift in Sources */,
				155BD3B2289C4DC30030B27A /* UIView+Convenience.swift in Sources */,
				156A6FAF2899F70A003F75AE /* SceneDelegate.swift in Sources */,
				155AE507289B4A6A00D18F6B /* PostCreationView.swift in Sources */,
				1503DC7D28A1D36D00510D3F /* UIStackView+Convenience.swift in Sources */,
				1576E88828A0520C00F26BBA /* DataSource+Enums.swift in Sources */,
				155AE4FA289B123C00D18F6B /* PostTableViewCell.swift in Sources */,
			);
			runOnlyForDeploymentPostprocessing = 0;
		};
		156A6FBB2899F70C003F75AE /* Sources */ = {
			isa = PBXSourcesBuildPhase;
			buildActionMask = 2147483647;
			files = (
				1587789928A47A8E006B3B01 /* UserProfileInteractorSpy.swift in Sources */,
				158778AC28A48BB7006B3B01 /* PostReplyMenuTestCase.swift in Sources */,
				1587789028A46D05006B3B01 /* AppDataSourceStub.swift in Sources */,
				1587788B28A466DD006B3B01 /* UserProfilePresenterSpy.swift in Sources */,
				15C41A3628A34B3A00F2213A /* UserDummy.swift in Sources */,
				1587787A28A45179006B3B01 /* UserProfileViewTestCase.swift in Sources */,
				15C41A3228A34A8E00F2213A /* PostCountViewTestCase.swift in Sources */,
				1587789B28A47B50006B3B01 /* UserProfileViewProtocolSpy.swift in Sources */,
				1587788328A45DF0006B3B01 /* PostDummy.swift in Sources */,
				1587789228A46EEF006B3B01 /* UserProfileInteractorTestCase.swift in Sources */,
				1587787D28A454D5006B3B01 /* FeedRouterStub.swift in Sources */,
				1587788528A463E8006B3B01 /* FeedInteractorSpy.swift in Sources */,
				1587788728A46514006B3B01 /* UserProfileViewControllerTestCase.swift in Sources */,
				158778A828A48785006B3B01 /* RepostTableViewCellTestCase.swift in Sources */,
				158778AA28A4892D006B3B01 /* QuoteTableViewCellTestCase.swift in Sources */,
				1587788128A459D0006B3B01 /* FeedInteractorStub.swift in Sources */,
				158778A628A48341006B3B01 /* PostTableViewCellDelegateSpy.swift in Sources */,
				1587789728A47966006B3B01 /* UserProfilePresenterTestCase.swift in Sources */,
				1587788D28A467CA006B3B01 /* UserProfileViewSpy.swift in Sources */,
				15C41A3928A3533700F2213A /* UserInfoViewTestCase.swift in Sources */,
				158778AE28A48D29006B3B01 /* PostReplyMenuDelegateSpy.swift in Sources */,
				1587789428A47052006B3B01 /* UserProfileInteractorOutputSpy.swift in Sources */,
				158778A228A480E6006B3B01 /* PostTableViewCellTestCase.swift in Sources */,
			);
			runOnlyForDeploymentPostprocessing = 0;
		};
		156A6FC52899F70C003F75AE /* Sources */ = {
			isa = PBXSourcesBuildPhase;
			buildActionMask = 2147483647;
			files = (
				156A6FD02899F70C003F75AE /* PosterrUITestsLaunchTests.swift in Sources */,
				156A6FCE2899F70C003F75AE /* PosterrUITests.swift in Sources */,
			);
			runOnlyForDeploymentPostprocessing = 0;
		};
/* End PBXSourcesBuildPhase section */

/* Begin PBXTargetDependency section */
		156A6FC12899F70C003F75AE /* PBXTargetDependency */ = {
			isa = PBXTargetDependency;
			target = 156A6FA82899F70A003F75AE /* Posterr */;
			targetProxy = 156A6FC02899F70C003F75AE /* PBXContainerItemProxy */;
		};
		156A6FCB2899F70C003F75AE /* PBXTargetDependency */ = {
			isa = PBXTargetDependency;
			target = 156A6FA82899F70A003F75AE /* Posterr */;
			targetProxy = 156A6FCA2899F70C003F75AE /* PBXContainerItemProxy */;
		};
/* End PBXTargetDependency section */

/* Begin PBXVariantGroup section */
		156A6FB72899F70B003F75AE /* LaunchScreen.storyboard */ = {
			isa = PBXVariantGroup;
			children = (
				156A6FB82899F70B003F75AE /* Base */,
			);
			name = LaunchScreen.storyboard;
			sourceTree = "<group>";
		};
/* End PBXVariantGroup section */

/* Begin XCBuildConfiguration section */
		156A6FD12899F70C003F75AE /* Debug */ = {
			isa = XCBuildConfiguration;
			buildSettings = {
				ALWAYS_SEARCH_USER_PATHS = NO;
				CLANG_ANALYZER_NONNULL = YES;
				CLANG_ANALYZER_NUMBER_OBJECT_CONVERSION = YES_AGGRESSIVE;
				CLANG_CXX_LANGUAGE_STANDARD = "gnu++17";
				CLANG_ENABLE_MODULES = YES;
				CLANG_ENABLE_OBJC_ARC = YES;
				CLANG_ENABLE_OBJC_WEAK = YES;
				CLANG_WARN_BLOCK_CAPTURE_AUTORELEASING = YES;
				CLANG_WARN_BOOL_CONVERSION = YES;
				CLANG_WARN_COMMA = YES;
				CLANG_WARN_CONSTANT_CONVERSION = YES;
				CLANG_WARN_DEPRECATED_OBJC_IMPLEMENTATIONS = YES;
				CLANG_WARN_DIRECT_OBJC_ISA_USAGE = YES_ERROR;
				CLANG_WARN_DOCUMENTATION_COMMENTS = YES;
				CLANG_WARN_EMPTY_BODY = YES;
				CLANG_WARN_ENUM_CONVERSION = YES;
				CLANG_WARN_INFINITE_RECURSION = YES;
				CLANG_WARN_INT_CONVERSION = YES;
				CLANG_WARN_NON_LITERAL_NULL_CONVERSION = YES;
				CLANG_WARN_OBJC_IMPLICIT_RETAIN_SELF = YES;
				CLANG_WARN_OBJC_LITERAL_CONVERSION = YES;
				CLANG_WARN_OBJC_ROOT_CLASS = YES_ERROR;
				CLANG_WARN_QUOTED_INCLUDE_IN_FRAMEWORK_HEADER = YES;
				CLANG_WARN_RANGE_LOOP_ANALYSIS = YES;
				CLANG_WARN_STRICT_PROTOTYPES = YES;
				CLANG_WARN_SUSPICIOUS_MOVE = YES;
				CLANG_WARN_UNGUARDED_AVAILABILITY = YES_AGGRESSIVE;
				CLANG_WARN_UNREACHABLE_CODE = YES;
				CLANG_WARN__DUPLICATE_METHOD_MATCH = YES;
				COPY_PHASE_STRIP = NO;
				DEBUG_INFORMATION_FORMAT = dwarf;
				ENABLE_STRICT_OBJC_MSGSEND = YES;
				ENABLE_TESTABILITY = YES;
				GCC_C_LANGUAGE_STANDARD = gnu11;
				GCC_DYNAMIC_NO_PIC = NO;
				GCC_NO_COMMON_BLOCKS = YES;
				GCC_OPTIMIZATION_LEVEL = 0;
				GCC_PREPROCESSOR_DEFINITIONS = (
					"DEBUG=1",
					"$(inherited)",
				);
				GCC_WARN_64_TO_32_BIT_CONVERSION = YES;
				GCC_WARN_ABOUT_RETURN_TYPE = YES_ERROR;
				GCC_WARN_UNDECLARED_SELECTOR = YES;
				GCC_WARN_UNINITIALIZED_AUTOS = YES_AGGRESSIVE;
				GCC_WARN_UNUSED_FUNCTION = YES;
				GCC_WARN_UNUSED_VARIABLE = YES;
				IPHONEOS_DEPLOYMENT_TARGET = 15.5;
				MTL_ENABLE_DEBUG_INFO = INCLUDE_SOURCE;
				MTL_FAST_MATH = YES;
				ONLY_ACTIVE_ARCH = YES;
				SDKROOT = iphoneos;
				SWIFT_ACTIVE_COMPILATION_CONDITIONS = DEBUG;
				SWIFT_OPTIMIZATION_LEVEL = "-Onone";
			};
			name = Debug;
		};
		156A6FD22899F70C003F75AE /* Release */ = {
			isa = XCBuildConfiguration;
			buildSettings = {
				ALWAYS_SEARCH_USER_PATHS = NO;
				CLANG_ANALYZER_NONNULL = YES;
				CLANG_ANALYZER_NUMBER_OBJECT_CONVERSION = YES_AGGRESSIVE;
				CLANG_CXX_LANGUAGE_STANDARD = "gnu++17";
				CLANG_ENABLE_MODULES = YES;
				CLANG_ENABLE_OBJC_ARC = YES;
				CLANG_ENABLE_OBJC_WEAK = YES;
				CLANG_WARN_BLOCK_CAPTURE_AUTORELEASING = YES;
				CLANG_WARN_BOOL_CONVERSION = YES;
				CLANG_WARN_COMMA = YES;
				CLANG_WARN_CONSTANT_CONVERSION = YES;
				CLANG_WARN_DEPRECATED_OBJC_IMPLEMENTATIONS = YES;
				CLANG_WARN_DIRECT_OBJC_ISA_USAGE = YES_ERROR;
				CLANG_WARN_DOCUMENTATION_COMMENTS = YES;
				CLANG_WARN_EMPTY_BODY = YES;
				CLANG_WARN_ENUM_CONVERSION = YES;
				CLANG_WARN_INFINITE_RECURSION = YES;
				CLANG_WARN_INT_CONVERSION = YES;
				CLANG_WARN_NON_LITERAL_NULL_CONVERSION = YES;
				CLANG_WARN_OBJC_IMPLICIT_RETAIN_SELF = YES;
				CLANG_WARN_OBJC_LITERAL_CONVERSION = YES;
				CLANG_WARN_OBJC_ROOT_CLASS = YES_ERROR;
				CLANG_WARN_QUOTED_INCLUDE_IN_FRAMEWORK_HEADER = YES;
				CLANG_WARN_RANGE_LOOP_ANALYSIS = YES;
				CLANG_WARN_STRICT_PROTOTYPES = YES;
				CLANG_WARN_SUSPICIOUS_MOVE = YES;
				CLANG_WARN_UNGUARDED_AVAILABILITY = YES_AGGRESSIVE;
				CLANG_WARN_UNREACHABLE_CODE = YES;
				CLANG_WARN__DUPLICATE_METHOD_MATCH = YES;
				COPY_PHASE_STRIP = NO;
				DEBUG_INFORMATION_FORMAT = "dwarf-with-dsym";
				ENABLE_NS_ASSERTIONS = NO;
				ENABLE_STRICT_OBJC_MSGSEND = YES;
				GCC_C_LANGUAGE_STANDARD = gnu11;
				GCC_NO_COMMON_BLOCKS = YES;
				GCC_WARN_64_TO_32_BIT_CONVERSION = YES;
				GCC_WARN_ABOUT_RETURN_TYPE = YES_ERROR;
				GCC_WARN_UNDECLARED_SELECTOR = YES;
				GCC_WARN_UNINITIALIZED_AUTOS = YES_AGGRESSIVE;
				GCC_WARN_UNUSED_FUNCTION = YES;
				GCC_WARN_UNUSED_VARIABLE = YES;
				IPHONEOS_DEPLOYMENT_TARGET = 15.5;
				MTL_ENABLE_DEBUG_INFO = NO;
				MTL_FAST_MATH = YES;
				SDKROOT = iphoneos;
				SWIFT_COMPILATION_MODE = wholemodule;
				SWIFT_OPTIMIZATION_LEVEL = "-O";
				VALIDATE_PRODUCT = YES;
			};
			name = Release;
		};
		156A6FD42899F70C003F75AE /* Debug */ = {
			isa = XCBuildConfiguration;
			baseConfigurationReference = 82A543EFF94694D2CCF6F43B /* Pods-Posterr.debug.xcconfig */;
			buildSettings = {
				ASSETCATALOG_COMPILER_APPICON_NAME = AppIcon;
				ASSETCATALOG_COMPILER_GLOBAL_ACCENT_COLOR_NAME = AccentColor;
				CODE_SIGN_STYLE = Automatic;
				CURRENT_PROJECT_VERSION = 1;
				DEVELOPMENT_TEAM = 9M7D6BTNY5;
				GENERATE_INFOPLIST_FILE = YES;
				INFOPLIST_FILE = Posterr/Info.plist;
				INFOPLIST_KEY_UIApplicationSupportsIndirectInputEvents = YES;
				INFOPLIST_KEY_UILaunchStoryboardName = LaunchScreen;
				INFOPLIST_KEY_UISupportedInterfaceOrientations_iPad = "UIInterfaceOrientationPortrait UIInterfaceOrientationPortraitUpsideDown UIInterfaceOrientationLandscapeLeft UIInterfaceOrientationLandscapeRight";
				INFOPLIST_KEY_UISupportedInterfaceOrientations_iPhone = "UIInterfaceOrientationPortrait UIInterfaceOrientationLandscapeLeft UIInterfaceOrientationLandscapeRight";
				LD_RUNPATH_SEARCH_PATHS = (
					"$(inherited)",
					"@executable_path/Frameworks",
				);
				MARKETING_VERSION = 1.0;
				PRODUCT_BUNDLE_IDENTIFIER = com.anthony.apollo.Posterr;
				PRODUCT_NAME = "$(TARGET_NAME)";
				SWIFT_EMIT_LOC_STRINGS = YES;
				SWIFT_VERSION = 5.0;
				TARGETED_DEVICE_FAMILY = "1,2";
			};
			name = Debug;
		};
		156A6FD52899F70C003F75AE /* Release */ = {
			isa = XCBuildConfiguration;
			baseConfigurationReference = 654C689D38F961310215FA8A /* Pods-Posterr.release.xcconfig */;
			buildSettings = {
				ASSETCATALOG_COMPILER_APPICON_NAME = AppIcon;
				ASSETCATALOG_COMPILER_GLOBAL_ACCENT_COLOR_NAME = AccentColor;
				CODE_SIGN_STYLE = Automatic;
				CURRENT_PROJECT_VERSION = 1;
				DEVELOPMENT_TEAM = 9M7D6BTNY5;
				GENERATE_INFOPLIST_FILE = YES;
				INFOPLIST_FILE = Posterr/Info.plist;
				INFOPLIST_KEY_UIApplicationSupportsIndirectInputEvents = YES;
				INFOPLIST_KEY_UILaunchStoryboardName = LaunchScreen;
				INFOPLIST_KEY_UISupportedInterfaceOrientations_iPad = "UIInterfaceOrientationPortrait UIInterfaceOrientationPortraitUpsideDown UIInterfaceOrientationLandscapeLeft UIInterfaceOrientationLandscapeRight";
				INFOPLIST_KEY_UISupportedInterfaceOrientations_iPhone = "UIInterfaceOrientationPortrait UIInterfaceOrientationLandscapeLeft UIInterfaceOrientationLandscapeRight";
				LD_RUNPATH_SEARCH_PATHS = (
					"$(inherited)",
					"@executable_path/Frameworks",
				);
				MARKETING_VERSION = 1.0;
				PRODUCT_BUNDLE_IDENTIFIER = com.anthony.apollo.Posterr;
				PRODUCT_NAME = "$(TARGET_NAME)";
				SWIFT_EMIT_LOC_STRINGS = YES;
				SWIFT_VERSION = 5.0;
				TARGETED_DEVICE_FAMILY = "1,2";
			};
			name = Release;
		};
		156A6FD72899F70C003F75AE /* Debug */ = {
			isa = XCBuildConfiguration;
			baseConfigurationReference = BEEC9FA909C02CC3A20F56BA /* Pods-PosterrTests.debug.xcconfig */;
			buildSettings = {
				ALWAYS_EMBED_SWIFT_STANDARD_LIBRARIES = YES;
				BUNDLE_LOADER = "$(TEST_HOST)";
				CODE_SIGN_STYLE = Automatic;
				CURRENT_PROJECT_VERSION = 1;
				DEVELOPMENT_TEAM = 9M7D6BTNY5;
				GENERATE_INFOPLIST_FILE = YES;
				IPHONEOS_DEPLOYMENT_TARGET = 15.5;
				MARKETING_VERSION = 1.0;
				PRODUCT_BUNDLE_IDENTIFIER = com.anthony.apollo.PosterrTests;
				PRODUCT_NAME = "$(TARGET_NAME)";
				SWIFT_EMIT_LOC_STRINGS = NO;
				SWIFT_VERSION = 5.0;
				TARGETED_DEVICE_FAMILY = "1,2";
				TEST_HOST = "$(BUILT_PRODUCTS_DIR)/Posterr.app/Posterr";
			};
			name = Debug;
		};
		156A6FD82899F70C003F75AE /* Release */ = {
			isa = XCBuildConfiguration;
			baseConfigurationReference = E5ECC2161D318AD65FB77489 /* Pods-PosterrTests.release.xcconfig */;
			buildSettings = {
				ALWAYS_EMBED_SWIFT_STANDARD_LIBRARIES = YES;
				BUNDLE_LOADER = "$(TEST_HOST)";
				CODE_SIGN_STYLE = Automatic;
				CURRENT_PROJECT_VERSION = 1;
				DEVELOPMENT_TEAM = 9M7D6BTNY5;
				GENERATE_INFOPLIST_FILE = YES;
				IPHONEOS_DEPLOYMENT_TARGET = 15.5;
				MARKETING_VERSION = 1.0;
				PRODUCT_BUNDLE_IDENTIFIER = com.anthony.apollo.PosterrTests;
				PRODUCT_NAME = "$(TARGET_NAME)";
				SWIFT_EMIT_LOC_STRINGS = NO;
				SWIFT_VERSION = 5.0;
				TARGETED_DEVICE_FAMILY = "1,2";
				TEST_HOST = "$(BUILT_PRODUCTS_DIR)/Posterr.app/Posterr";
			};
			name = Release;
		};
		156A6FDA2899F70C003F75AE /* Debug */ = {
			isa = XCBuildConfiguration;
			baseConfigurationReference = 954AA7AAC5512AFE0D85B750 /* Pods-Posterr-PosterrUITests.debug.xcconfig */;
			buildSettings = {
				ALWAYS_EMBED_SWIFT_STANDARD_LIBRARIES = YES;
				CODE_SIGN_STYLE = Automatic;
				CURRENT_PROJECT_VERSION = 1;
				DEVELOPMENT_TEAM = 9M7D6BTNY5;
				GENERATE_INFOPLIST_FILE = YES;
				MARKETING_VERSION = 1.0;
				PRODUCT_BUNDLE_IDENTIFIER = com.anthony.apollo.PosterrUITests;
				PRODUCT_NAME = "$(TARGET_NAME)";
				SWIFT_EMIT_LOC_STRINGS = NO;
				SWIFT_VERSION = 5.0;
				TARGETED_DEVICE_FAMILY = "1,2";
				TEST_TARGET_NAME = Posterr;
			};
			name = Debug;
		};
		156A6FDB2899F70C003F75AE /* Release */ = {
			isa = XCBuildConfiguration;
			baseConfigurationReference = 9320D403AB66537D69BD2812 /* Pods-Posterr-PosterrUITests.release.xcconfig */;
			buildSettings = {
				ALWAYS_EMBED_SWIFT_STANDARD_LIBRARIES = YES;
				CODE_SIGN_STYLE = Automatic;
				CURRENT_PROJECT_VERSION = 1;
				DEVELOPMENT_TEAM = 9M7D6BTNY5;
				GENERATE_INFOPLIST_FILE = YES;
				MARKETING_VERSION = 1.0;
				PRODUCT_BUNDLE_IDENTIFIER = com.anthony.apollo.PosterrUITests;
				PRODUCT_NAME = "$(TARGET_NAME)";
				SWIFT_EMIT_LOC_STRINGS = NO;
				SWIFT_VERSION = 5.0;
				TARGETED_DEVICE_FAMILY = "1,2";
				TEST_TARGET_NAME = Posterr;
			};
			name = Release;
		};
/* End XCBuildConfiguration section */

/* Begin XCConfigurationList section */
		156A6FA42899F70A003F75AE /* Build configuration list for PBXProject "Posterr" */ = {
			isa = XCConfigurationList;
			buildConfigurations = (
				156A6FD12899F70C003F75AE /* Debug */,
				156A6FD22899F70C003F75AE /* Release */,
			);
			defaultConfigurationIsVisible = 0;
			defaultConfigurationName = Release;
		};
		156A6FD32899F70C003F75AE /* Build configuration list for PBXNativeTarget "Posterr" */ = {
			isa = XCConfigurationList;
			buildConfigurations = (
				156A6FD42899F70C003F75AE /* Debug */,
				156A6FD52899F70C003F75AE /* Release */,
			);
			defaultConfigurationIsVisible = 0;
			defaultConfigurationName = Release;
		};
		156A6FD62899F70C003F75AE /* Build configuration list for PBXNativeTarget "PosterrTests" */ = {
			isa = XCConfigurationList;
			buildConfigurations = (
				156A6FD72899F70C003F75AE /* Debug */,
				156A6FD82899F70C003F75AE /* Release */,
			);
			defaultConfigurationIsVisible = 0;
			defaultConfigurationName = Release;
		};
		156A6FD92899F70C003F75AE /* Build configuration list for PBXNativeTarget "PosterrUITests" */ = {
			isa = XCConfigurationList;
			buildConfigurations = (
				156A6FDA2899F70C003F75AE /* Debug */,
				156A6FDB2899F70C003F75AE /* Release */,
			);
			defaultConfigurationIsVisible = 0;
			defaultConfigurationName = Release;
		};
/* End XCConfigurationList section */

/* Begin XCRemoteSwiftPackageReference section */
		155AE4E8289B00B600D18F6B /* XCRemoteSwiftPackageReference "SnapKit" */ = {
			isa = XCRemoteSwiftPackageReference;
			repositoryURL = "https://github.com/SnapKit/SnapKit.git";
			requirement = {
				kind = upToNextMajorVersion;
				minimumVersion = 5.0.0;
			};
		};
/* End XCRemoteSwiftPackageReference section */

/* Begin XCSwiftPackageProductDependency section */
		155AE4E9289B00B600D18F6B /* SnapKit */ = {
			isa = XCSwiftPackageProductDependency;
			package = 155AE4E8289B00B600D18F6B /* XCRemoteSwiftPackageReference "SnapKit" */;
			productName = SnapKit;
		};
/* End XCSwiftPackageProductDependency section */

/* Begin XCVersionGroup section */
		15419253289D998D005B907A /* Posterr.xcdatamodeld */ = {
			isa = XCVersionGroup;
			children = (
				15419254289D998D005B907A /* Posterr.xcdatamodel */,
			);
			currentVersion = 15419254289D998D005B907A /* Posterr.xcdatamodel */;
			path = Posterr.xcdatamodeld;
			sourceTree = "<group>";
			versionGroupType = wrapper.xcdatamodel;
		};
/* End XCVersionGroup section */
	};
	rootObject = 156A6FA12899F70A003F75AE /* Project object */;
}
